// !$*UTF8*$!
{
	archiveVersion = 1;
	classes = {
	};
	objectVersion = 55;
	objects = {

/* Begin PBXBuildFile section */
		0185C47228F6C983006F9BDC /* AutoInstrumentViewLoadScenario.swift in Sources */ = {isa = PBXBuildFile; fileRef = 0185C47128F6C983006F9BDC /* AutoInstrumentViewLoadScenario.swift */; };
		01A414C82912CA18003152A4 /* Bugsnag in Frameworks */ = {isa = PBXBuildFile; productRef = 01A414C72912CA18003152A4 /* Bugsnag */; };
		01A58C1529096AF4006E4DF7 /* SamplingProbabilityZeroScenario.swift in Sources */ = {isa = PBXBuildFile; fileRef = 01A58C1429096AF4006E4DF7 /* SamplingProbabilityZeroScenario.swift */; };
		01D3A7E028F0290D0063D79E /* AutoInstrumentAppStartsScenario.swift in Sources */ = {isa = PBXBuildFile; fileRef = 01D3A7DF28F0290D0063D79E /* AutoInstrumentAppStartsScenario.swift */; };
		01E3F99128F46B6700003F44 /* ManualViewLoadScenario.swift in Sources */ = {isa = PBXBuildFile; fileRef = 01E3F99028F46B6700003F44 /* ManualViewLoadScenario.swift */; };
		01E7918A28EC7B5E00855993 /* ManualSpanBeforeStartScenario.swift in Sources */ = {isa = PBXBuildFile; fileRef = 01E7918928EC7B5E00855993 /* ManualSpanBeforeStartScenario.swift */; };
		01FE4DA928E1AEBD00D1F239 /* AppDelegate.swift in Sources */ = {isa = PBXBuildFile; fileRef = 01FE4DA828E1AEBD00D1F239 /* AppDelegate.swift */; };
		01FE4DAB28E1AEBD00D1F239 /* SceneDelegate.swift in Sources */ = {isa = PBXBuildFile; fileRef = 01FE4DAA28E1AEBD00D1F239 /* SceneDelegate.swift */; };
		01FE4DAD28E1AEBD00D1F239 /* ViewController.swift in Sources */ = {isa = PBXBuildFile; fileRef = 01FE4DAC28E1AEBD00D1F239 /* ViewController.swift */; };
		01FE4DB028E1AEBD00D1F239 /* Main.storyboard in Resources */ = {isa = PBXBuildFile; fileRef = 01FE4DAE28E1AEBD00D1F239 /* Main.storyboard */; };
		01FE4DB228E1AEBF00D1F239 /* Assets.xcassets in Resources */ = {isa = PBXBuildFile; fileRef = 01FE4DB128E1AEBF00D1F239 /* Assets.xcassets */; };
		01FE4DB528E1AEBF00D1F239 /* LaunchScreen.storyboard in Resources */ = {isa = PBXBuildFile; fileRef = 01FE4DB328E1AEBF00D1F239 /* LaunchScreen.storyboard */; };
		01FE4DC028E1AEDF00D1F239 /* BugsnagPerformance in Frameworks */ = {isa = PBXBuildFile; productRef = 01FE4DBF28E1AEDF00D1F239 /* BugsnagPerformance */; };
		01FE4DC328E1AF3700D1F239 /* ManualSpanScenario.swift in Sources */ = {isa = PBXBuildFile; fileRef = 01FE4DC228E1AF3700D1F239 /* ManualSpanScenario.swift */; };
		01FE4DC528E1AF9600D1F239 /* Scenario.swift in Sources */ = {isa = PBXBuildFile; fileRef = 01FE4DC428E1AF9600D1F239 /* Scenario.swift */; };
		01FE4DC728E1D5A400D1F239 /* Fixture.swift in Sources */ = {isa = PBXBuildFile; fileRef = 01FE4DC628E1D5A400D1F239 /* Fixture.swift */; };
		CB0496942913CA300097E526 /* BatchingWithTimeoutScenario.swift in Sources */ = {isa = PBXBuildFile; fileRef = CB0496932913CA300097E526 /* BatchingWithTimeoutScenario.swift */; };
		CB0AD76E2965BBDA002A3FB6 /* InitialPScenario.swift in Sources */ = {isa = PBXBuildFile; fileRef = CB0AD76D2965BBDA002A3FB6 /* InitialPScenario.swift */; };
		CB3477182901481F0033759C /* AutoInstrumentNetworkScenario.swift in Sources */ = {isa = PBXBuildFile; fileRef = CB3477172901481F0033759C /* AutoInstrumentNetworkScenario.swift */; };
		CB572EAD29BB829800FD7A2A /* BackgroundForegroundScenario.swift in Sources */ = {isa = PBXBuildFile; fileRef = CB572EAC29BB829800FD7A2A /* BackgroundForegroundScenario.swift */; };
		CB7FD92B299BB4E300499E13 /* ManualUIViewLoadScenario.swift in Sources */ = {isa = PBXBuildFile; fileRef = CB7FD92A299BB4E300499E13 /* ManualUIViewLoadScenario.swift */; };
		CBAAE2592912601D006D4AA0 /* BatchingScenario.swift in Sources */ = {isa = PBXBuildFile; fileRef = CBAAE2582912601D006D4AA0 /* BatchingScenario.swift */; };
		CBE43A9929A8EFA3000B4205 /* ProbabilityExpiryScenario.swift in Sources */ = {isa = PBXBuildFile; fileRef = CBE43A9829A8EFA3000B4205 /* ProbabilityExpiryScenario.swift */; };
		CBE6B66B28FD66B400D1CF78 /* ManualNetworkSpanScenario.swift in Sources */ = {isa = PBXBuildFile; fileRef = CBE6B66A28FD66B400D1CF78 /* ManualNetworkSpanScenario.swift */; };
		CBF62109291A4F47004BEE0B /* RetryScenario.swift in Sources */ = {isa = PBXBuildFile; fileRef = CBF62108291A4F47004BEE0B /* RetryScenario.swift */; };
/* End PBXBuildFile section */

/* Begin PBXFileReference section */
		0185C47128F6C983006F9BDC /* AutoInstrumentViewLoadScenario.swift */ = {isa = PBXFileReference; lastKnownFileType = sourcecode.swift; path = AutoInstrumentViewLoadScenario.swift; sourceTree = "<group>"; };
		01A58C1429096AF4006E4DF7 /* SamplingProbabilityZeroScenario.swift */ = {isa = PBXFileReference; fileEncoding = 4; lastKnownFileType = sourcecode.swift; path = SamplingProbabilityZeroScenario.swift; sourceTree = "<group>"; };
		01D3A7DF28F0290D0063D79E /* AutoInstrumentAppStartsScenario.swift */ = {isa = PBXFileReference; lastKnownFileType = sourcecode.swift; path = AutoInstrumentAppStartsScenario.swift; sourceTree = "<group>"; };
		01E3F99028F46B6700003F44 /* ManualViewLoadScenario.swift */ = {isa = PBXFileReference; lastKnownFileType = sourcecode.swift; path = ManualViewLoadScenario.swift; sourceTree = "<group>"; };
		01E7918928EC7B5E00855993 /* ManualSpanBeforeStartScenario.swift */ = {isa = PBXFileReference; lastKnownFileType = sourcecode.swift; path = ManualSpanBeforeStartScenario.swift; sourceTree = "<group>"; };
		01FE4DA528E1AEBD00D1F239 /* Fixture.app */ = {isa = PBXFileReference; explicitFileType = wrapper.application; includeInIndex = 0; path = Fixture.app; sourceTree = BUILT_PRODUCTS_DIR; };
		01FE4DA828E1AEBD00D1F239 /* AppDelegate.swift */ = {isa = PBXFileReference; lastKnownFileType = sourcecode.swift; path = AppDelegate.swift; sourceTree = "<group>"; };
		01FE4DAA28E1AEBD00D1F239 /* SceneDelegate.swift */ = {isa = PBXFileReference; lastKnownFileType = sourcecode.swift; path = SceneDelegate.swift; sourceTree = "<group>"; };
		01FE4DAC28E1AEBD00D1F239 /* ViewController.swift */ = {isa = PBXFileReference; lastKnownFileType = sourcecode.swift; path = ViewController.swift; sourceTree = "<group>"; };
		01FE4DAF28E1AEBD00D1F239 /* Base */ = {isa = PBXFileReference; lastKnownFileType = file.storyboard; name = Base; path = Base.lproj/Main.storyboard; sourceTree = "<group>"; };
		01FE4DB128E1AEBF00D1F239 /* Assets.xcassets */ = {isa = PBXFileReference; lastKnownFileType = folder.assetcatalog; path = Assets.xcassets; sourceTree = "<group>"; };
		01FE4DB428E1AEBF00D1F239 /* Base */ = {isa = PBXFileReference; lastKnownFileType = file.storyboard; name = Base; path = Base.lproj/LaunchScreen.storyboard; sourceTree = "<group>"; };
		01FE4DB628E1AEBF00D1F239 /* Info.plist */ = {isa = PBXFileReference; lastKnownFileType = text.plist.xml; path = Info.plist; sourceTree = "<group>"; };
		01FE4DBD28E1AED000D1F239 /* bugsnag-cocoa-performance */ = {isa = PBXFileReference; lastKnownFileType = wrapper; name = "bugsnag-cocoa-performance"; path = ../../..; sourceTree = "<group>"; };
		01FE4DC228E1AF3700D1F239 /* ManualSpanScenario.swift */ = {isa = PBXFileReference; lastKnownFileType = sourcecode.swift; path = ManualSpanScenario.swift; sourceTree = "<group>"; };
		01FE4DC428E1AF9600D1F239 /* Scenario.swift */ = {isa = PBXFileReference; lastKnownFileType = sourcecode.swift; path = Scenario.swift; sourceTree = "<group>"; };
		01FE4DC628E1D5A400D1F239 /* Fixture.swift */ = {isa = PBXFileReference; lastKnownFileType = sourcecode.swift; path = Fixture.swift; sourceTree = "<group>"; };
		CB0496932913CA300097E526 /* BatchingWithTimeoutScenario.swift */ = {isa = PBXFileReference; lastKnownFileType = sourcecode.swift; path = BatchingWithTimeoutScenario.swift; sourceTree = "<group>"; };
		CB0AD76D2965BBDA002A3FB6 /* InitialPScenario.swift */ = {isa = PBXFileReference; lastKnownFileType = sourcecode.swift; path = InitialPScenario.swift; sourceTree = "<group>"; };
		CB3477172901481F0033759C /* AutoInstrumentNetworkScenario.swift */ = {isa = PBXFileReference; lastKnownFileType = sourcecode.swift; path = AutoInstrumentNetworkScenario.swift; sourceTree = "<group>"; };
		CB572EAC29BB829800FD7A2A /* BackgroundForegroundScenario.swift */ = {isa = PBXFileReference; lastKnownFileType = sourcecode.swift; path = BackgroundForegroundScenario.swift; sourceTree = "<group>"; };
		CB7FD92A299BB4E300499E13 /* ManualUIViewLoadScenario.swift */ = {isa = PBXFileReference; lastKnownFileType = sourcecode.swift; path = ManualUIViewLoadScenario.swift; sourceTree = "<group>"; };
		CBAAE25429125F5F006D4AA0 /* Fixture-Bridging-Header.h */ = {isa = PBXFileReference; lastKnownFileType = sourcecode.c.h; path = "Fixture-Bridging-Header.h"; sourceTree = "<group>"; };
		CBAAE2582912601D006D4AA0 /* BatchingScenario.swift */ = {isa = PBXFileReference; lastKnownFileType = sourcecode.swift; path = BatchingScenario.swift; sourceTree = "<group>"; };
		CBE43A9829A8EFA3000B4205 /* ProbabilityExpiryScenario.swift */ = {isa = PBXFileReference; lastKnownFileType = sourcecode.swift; path = ProbabilityExpiryScenario.swift; sourceTree = "<group>"; };
		CBE6B66A28FD66B400D1CF78 /* ManualNetworkSpanScenario.swift */ = {isa = PBXFileReference; lastKnownFileType = sourcecode.swift; path = ManualNetworkSpanScenario.swift; sourceTree = "<group>"; };
		CBE8EA0B294A220600702950 /* BSGInternalConfig.h */ = {isa = PBXFileReference; lastKnownFileType = sourcecode.c.h; name = BSGInternalConfig.h; path = ../../../../Sources/BugsnagPerformance/Private/BSGInternalConfig.h; sourceTree = "<group>"; };
		CBF62108291A4F47004BEE0B /* RetryScenario.swift */ = {isa = PBXFileReference; lastKnownFileType = sourcecode.swift; path = RetryScenario.swift; sourceTree = "<group>"; };
/* End PBXFileReference section */

/* Begin PBXFrameworksBuildPhase section */
		01FE4DA228E1AEBD00D1F239 /* Frameworks */ = {
			isa = PBXFrameworksBuildPhase;
			buildActionMask = 2147483647;
			files = (
				01A414C82912CA18003152A4 /* Bugsnag in Frameworks */,
				01FE4DC028E1AEDF00D1F239 /* BugsnagPerformance in Frameworks */,
			);
			runOnlyForDeploymentPostprocessing = 0;
		};
/* End PBXFrameworksBuildPhase section */

/* Begin PBXGroup section */
		01FE4D9C28E1AEBD00D1F239 = {
			isa = PBXGroup;
			children = (
				01FE4DA728E1AEBD00D1F239 /* Fixture */,
				01FE4DC128E1AF0700D1F239 /* Scenarios */,
				01FE4DBC28E1AED000D1F239 /* Packages */,
				01FE4DA628E1AEBD00D1F239 /* Products */,
				01FE4DBE28E1AEDF00D1F239 /* Frameworks */,
			);
			sourceTree = "<group>";
		};
		01FE4DA628E1AEBD00D1F239 /* Products */ = {
			isa = PBXGroup;
			children = (
				01FE4DA528E1AEBD00D1F239 /* Fixture.app */,
			);
			name = Products;
			sourceTree = "<group>";
		};
		01FE4DA728E1AEBD00D1F239 /* Fixture */ = {
			isa = PBXGroup;
			children = (
				01FE4DA828E1AEBD00D1F239 /* AppDelegate.swift */,
				01FE4DC628E1D5A400D1F239 /* Fixture.swift */,
				01FE4DAA28E1AEBD00D1F239 /* SceneDelegate.swift */,
				01FE4DAC28E1AEBD00D1F239 /* ViewController.swift */,
				01FE4DAE28E1AEBD00D1F239 /* Main.storyboard */,
				01FE4DB128E1AEBF00D1F239 /* Assets.xcassets */,
				01FE4DB328E1AEBF00D1F239 /* LaunchScreen.storyboard */,
				01FE4DB628E1AEBF00D1F239 /* Info.plist */,
				CBE8EA0B294A220600702950 /* BSGInternalConfig.h */,
				CBAAE25429125F5F006D4AA0 /* Fixture-Bridging-Header.h */,
			);
			path = Fixture;
			sourceTree = "<group>";
		};
		01FE4DBC28E1AED000D1F239 /* Packages */ = {
			isa = PBXGroup;
			children = (
				01FE4DBD28E1AED000D1F239 /* bugsnag-cocoa-performance */,
			);
			name = Packages;
			sourceTree = "<group>";
		};
		01FE4DBE28E1AEDF00D1F239 /* Frameworks */ = {
			isa = PBXGroup;
			children = (
			);
			name = Frameworks;
			sourceTree = "<group>";
		};
		01FE4DC128E1AF0700D1F239 /* Scenarios */ = {
			isa = PBXGroup;
			children = (
				01D3A7DF28F0290D0063D79E /* AutoInstrumentAppStartsScenario.swift */,
				CB3477172901481F0033759C /* AutoInstrumentNetworkScenario.swift */,
				0185C47128F6C983006F9BDC /* AutoInstrumentViewLoadScenario.swift */,
				CBAAE2582912601D006D4AA0 /* BatchingScenario.swift */,
				CB0496932913CA300097E526 /* BatchingWithTimeoutScenario.swift */,
				CB0AD76D2965BBDA002A3FB6 /* InitialPScenario.swift */,
				CBE6B66A28FD66B400D1CF78 /* ManualNetworkSpanScenario.swift */,
				01E7918928EC7B5E00855993 /* ManualSpanBeforeStartScenario.swift */,
				01FE4DC228E1AF3700D1F239 /* ManualSpanScenario.swift */,
				CB7FD92A299BB4E300499E13 /* ManualUIViewLoadScenario.swift */,
				01E3F99028F46B6700003F44 /* ManualViewLoadScenario.swift */,
				CBE43A9829A8EFA3000B4205 /* ProbabilityExpiryScenario.swift */,
				CBF62108291A4F47004BEE0B /* RetryScenario.swift */,
				01A58C1429096AF4006E4DF7 /* SamplingProbabilityZeroScenario.swift */,
				01FE4DC428E1AF9600D1F239 /* Scenario.swift */,
				CB572EAC29BB829800FD7A2A /* BackgroundForegroundScenario.swift */,
			);
			path = Scenarios;
			sourceTree = "<group>";
		};
/* End PBXGroup section */

/* Begin PBXNativeTarget section */
		01FE4DA428E1AEBD00D1F239 /* Fixture */ = {
			isa = PBXNativeTarget;
			buildConfigurationList = 01FE4DB928E1AEBF00D1F239 /* Build configuration list for PBXNativeTarget "Fixture" */;
			buildPhases = (
				01FE4DA128E1AEBD00D1F239 /* Sources */,
				01FE4DA228E1AEBD00D1F239 /* Frameworks */,
				01FE4DA328E1AEBD00D1F239 /* Resources */,
			);
			buildRules = (
			);
			dependencies = (
			);
			name = Fixture;
			packageProductDependencies = (
				01FE4DBF28E1AEDF00D1F239 /* BugsnagPerformance */,
				01A414C72912CA18003152A4 /* Bugsnag */,
			);
			productName = Fixture;
			productReference = 01FE4DA528E1AEBD00D1F239 /* Fixture.app */;
			productType = "com.apple.product-type.application";
		};
/* End PBXNativeTarget section */

/* Begin PBXProject section */
		01FE4D9D28E1AEBD00D1F239 /* Project object */ = {
			isa = PBXProject;
			attributes = {
				BuildIndependentTargetsInParallel = 1;
				LastSwiftUpdateCheck = 1400;
				LastUpgradeCheck = 1400;
				TargetAttributes = {
					01FE4DA428E1AEBD00D1F239 = {
						CreatedOnToolsVersion = 14.0;
						LastSwiftMigration = 1400;
					};
				};
			};
			buildConfigurationList = 01FE4DA028E1AEBD00D1F239 /* Build configuration list for PBXProject "Fixture" */;
			compatibilityVersion = "Xcode 13.0";
			developmentRegion = en;
			hasScannedForEncodings = 0;
			knownRegions = (
				en,
				Base,
			);
			mainGroup = 01FE4D9C28E1AEBD00D1F239;
			packageReferences = (
				01A414C62912CA18003152A4 /* XCRemoteSwiftPackageReference "bugsnag-cocoa" */,
			);
			productRefGroup = 01FE4DA628E1AEBD00D1F239 /* Products */;
			projectDirPath = "";
			projectRoot = "";
			targets = (
				01FE4DA428E1AEBD00D1F239 /* Fixture */,
			);
		};
/* End PBXProject section */

/* Begin PBXResourcesBuildPhase section */
		01FE4DA328E1AEBD00D1F239 /* Resources */ = {
			isa = PBXResourcesBuildPhase;
			buildActionMask = 2147483647;
			files = (
				01FE4DB528E1AEBF00D1F239 /* LaunchScreen.storyboard in Resources */,
				01FE4DB228E1AEBF00D1F239 /* Assets.xcassets in Resources */,
				01FE4DB028E1AEBD00D1F239 /* Main.storyboard in Resources */,
			);
			runOnlyForDeploymentPostprocessing = 0;
		};
/* End PBXResourcesBuildPhase section */

/* Begin PBXSourcesBuildPhase section */
		01FE4DA128E1AEBD00D1F239 /* Sources */ = {
			isa = PBXSourcesBuildPhase;
			buildActionMask = 2147483647;
			files = (
				CBE43A9929A8EFA3000B4205 /* ProbabilityExpiryScenario.swift in Sources */,
				0185C47228F6C983006F9BDC /* AutoInstrumentViewLoadScenario.swift in Sources */,
				01FE4DAD28E1AEBD00D1F239 /* ViewController.swift in Sources */,
				01FE4DA928E1AEBD00D1F239 /* AppDelegate.swift in Sources */,
				CBAAE2592912601D006D4AA0 /* BatchingScenario.swift in Sources */,
				01D3A7E028F0290D0063D79E /* AutoInstrumentAppStartsScenario.swift in Sources */,
				01E3F99128F46B6700003F44 /* ManualViewLoadScenario.swift in Sources */,
				01A58C1529096AF4006E4DF7 /* SamplingProbabilityZeroScenario.swift in Sources */,
				CB0AD76E2965BBDA002A3FB6 /* InitialPScenario.swift in Sources */,
				01FE4DAB28E1AEBD00D1F239 /* SceneDelegate.swift in Sources */,
				CBF62109291A4F47004BEE0B /* RetryScenario.swift in Sources */,
				CB7FD92B299BB4E300499E13 /* ManualUIViewLoadScenario.swift in Sources */,
				CB3477182901481F0033759C /* AutoInstrumentNetworkScenario.swift in Sources */,
				CBE6B66B28FD66B400D1CF78 /* ManualNetworkSpanScenario.swift in Sources */,
				01FE4DC528E1AF9600D1F239 /* Scenario.swift in Sources */,
				CB0496942913CA300097E526 /* BatchingWithTimeoutScenario.swift in Sources */,
				CB572EAD29BB829800FD7A2A /* BackgroundForegroundScenario.swift in Sources */,
				01FE4DC328E1AF3700D1F239 /* ManualSpanScenario.swift in Sources */,
				01FE4DC728E1D5A400D1F239 /* Fixture.swift in Sources */,
				01E7918A28EC7B5E00855993 /* ManualSpanBeforeStartScenario.swift in Sources */,
			);
			runOnlyForDeploymentPostprocessing = 0;
		};
/* End PBXSourcesBuildPhase section */

/* Begin PBXVariantGroup section */
		01FE4DAE28E1AEBD00D1F239 /* Main.storyboard */ = {
			isa = PBXVariantGroup;
			children = (
				01FE4DAF28E1AEBD00D1F239 /* Base */,
			);
			name = Main.storyboard;
			sourceTree = "<group>";
		};
		01FE4DB328E1AEBF00D1F239 /* LaunchScreen.storyboard */ = {
			isa = PBXVariantGroup;
			children = (
				01FE4DB428E1AEBF00D1F239 /* Base */,
			);
			name = LaunchScreen.storyboard;
			sourceTree = "<group>";
		};
/* End PBXVariantGroup section */

/* Begin XCBuildConfiguration section */
		01FE4DB728E1AEBF00D1F239 /* Debug */ = {
			isa = XCBuildConfiguration;
			buildSettings = {
				ALWAYS_SEARCH_USER_PATHS = NO;
				CLANG_ANALYZER_NONNULL = YES;
				CLANG_ANALYZER_NUMBER_OBJECT_CONVERSION = YES_AGGRESSIVE;
				CLANG_CXX_LANGUAGE_STANDARD = "gnu++20";
				CLANG_ENABLE_MODULES = YES;
				CLANG_ENABLE_OBJC_ARC = YES;
				CLANG_ENABLE_OBJC_WEAK = YES;
				CLANG_WARN_BLOCK_CAPTURE_AUTORELEASING = YES;
				CLANG_WARN_BOOL_CONVERSION = YES;
				CLANG_WARN_COMMA = YES;
				CLANG_WARN_CONSTANT_CONVERSION = YES;
				CLANG_WARN_DEPRECATED_OBJC_IMPLEMENTATIONS = YES;
				CLANG_WARN_DIRECT_OBJC_ISA_USAGE = YES_ERROR;
				CLANG_WARN_DOCUMENTATION_COMMENTS = YES;
				CLANG_WARN_EMPTY_BODY = YES;
				CLANG_WARN_ENUM_CONVERSION = YES;
				CLANG_WARN_INFINITE_RECURSION = YES;
				CLANG_WARN_INT_CONVERSION = YES;
				CLANG_WARN_NON_LITERAL_NULL_CONVERSION = YES;
				CLANG_WARN_OBJC_IMPLICIT_RETAIN_SELF = YES;
				CLANG_WARN_OBJC_LITERAL_CONVERSION = YES;
				CLANG_WARN_OBJC_ROOT_CLASS = YES_ERROR;
				CLANG_WARN_QUOTED_INCLUDE_IN_FRAMEWORK_HEADER = YES;
				CLANG_WARN_RANGE_LOOP_ANALYSIS = YES;
				CLANG_WARN_STRICT_PROTOTYPES = YES;
				CLANG_WARN_SUSPICIOUS_MOVE = YES;
				CLANG_WARN_UNGUARDED_AVAILABILITY = YES_AGGRESSIVE;
				CLANG_WARN_UNREACHABLE_CODE = YES;
				CLANG_WARN__DUPLICATE_METHOD_MATCH = YES;
				COPY_PHASE_STRIP = NO;
				DEBUG_INFORMATION_FORMAT = dwarf;
				ENABLE_STRICT_OBJC_MSGSEND = YES;
				ENABLE_TESTABILITY = YES;
				GCC_C_LANGUAGE_STANDARD = gnu11;
				GCC_DYNAMIC_NO_PIC = NO;
				GCC_NO_COMMON_BLOCKS = YES;
				GCC_OPTIMIZATION_LEVEL = 0;
				GCC_PREPROCESSOR_DEFINITIONS = (
					"DEBUG=1",
					"$(inherited)",
				);
				GCC_WARN_64_TO_32_BIT_CONVERSION = YES;
				GCC_WARN_ABOUT_RETURN_TYPE = YES_ERROR;
				GCC_WARN_UNDECLARED_SELECTOR = YES;
				GCC_WARN_UNINITIALIZED_AUTOS = YES_AGGRESSIVE;
				GCC_WARN_UNUSED_FUNCTION = YES;
				GCC_WARN_UNUSED_VARIABLE = YES;
				IPHONEOS_DEPLOYMENT_TARGET = 16.0;
				MTL_ENABLE_DEBUG_INFO = INCLUDE_SOURCE;
				MTL_FAST_MATH = YES;
				ONLY_ACTIVE_ARCH = YES;
				SDKROOT = iphoneos;
				SWIFT_ACTIVE_COMPILATION_CONDITIONS = DEBUG;
				SWIFT_OPTIMIZATION_LEVEL = "-Onone";
			};
			name = Debug;
		};
		01FE4DB828E1AEBF00D1F239 /* Release */ = {
			isa = XCBuildConfiguration;
			buildSettings = {
				ALWAYS_SEARCH_USER_PATHS = NO;
				CLANG_ANALYZER_NONNULL = YES;
				CLANG_ANALYZER_NUMBER_OBJECT_CONVERSION = YES_AGGRESSIVE;
				CLANG_CXX_LANGUAGE_STANDARD = "gnu++20";
				CLANG_ENABLE_MODULES = YES;
				CLANG_ENABLE_OBJC_ARC = YES;
				CLANG_ENABLE_OBJC_WEAK = YES;
				CLANG_WARN_BLOCK_CAPTURE_AUTORELEASING = YES;
				CLANG_WARN_BOOL_CONVERSION = YES;
				CLANG_WARN_COMMA = YES;
				CLANG_WARN_CONSTANT_CONVERSION = YES;
				CLANG_WARN_DEPRECATED_OBJC_IMPLEMENTATIONS = YES;
				CLANG_WARN_DIRECT_OBJC_ISA_USAGE = YES_ERROR;
				CLANG_WARN_DOCUMENTATION_COMMENTS = YES;
				CLANG_WARN_EMPTY_BODY = YES;
				CLANG_WARN_ENUM_CONVERSION = YES;
				CLANG_WARN_INFINITE_RECURSION = YES;
				CLANG_WARN_INT_CONVERSION = YES;
				CLANG_WARN_NON_LITERAL_NULL_CONVERSION = YES;
				CLANG_WARN_OBJC_IMPLICIT_RETAIN_SELF = YES;
				CLANG_WARN_OBJC_LITERAL_CONVERSION = YES;
				CLANG_WARN_OBJC_ROOT_CLASS = YES_ERROR;
				CLANG_WARN_QUOTED_INCLUDE_IN_FRAMEWORK_HEADER = YES;
				CLANG_WARN_RANGE_LOOP_ANALYSIS = YES;
				CLANG_WARN_STRICT_PROTOTYPES = YES;
				CLANG_WARN_SUSPICIOUS_MOVE = YES;
				CLANG_WARN_UNGUARDED_AVAILABILITY = YES_AGGRESSIVE;
				CLANG_WARN_UNREACHABLE_CODE = YES;
				CLANG_WARN__DUPLICATE_METHOD_MATCH = YES;
				COPY_PHASE_STRIP = NO;
				DEBUG_INFORMATION_FORMAT = "dwarf-with-dsym";
				ENABLE_NS_ASSERTIONS = NO;
				ENABLE_STRICT_OBJC_MSGSEND = YES;
				GCC_C_LANGUAGE_STANDARD = gnu11;
				GCC_NO_COMMON_BLOCKS = YES;
				GCC_WARN_64_TO_32_BIT_CONVERSION = YES;
				GCC_WARN_ABOUT_RETURN_TYPE = YES_ERROR;
				GCC_WARN_UNDECLARED_SELECTOR = YES;
				GCC_WARN_UNINITIALIZED_AUTOS = YES_AGGRESSIVE;
				GCC_WARN_UNUSED_FUNCTION = YES;
				GCC_WARN_UNUSED_VARIABLE = YES;
				IPHONEOS_DEPLOYMENT_TARGET = 16.0;
				MTL_ENABLE_DEBUG_INFO = NO;
				MTL_FAST_MATH = YES;
				SDKROOT = iphoneos;
				SWIFT_COMPILATION_MODE = wholemodule;
				SWIFT_OPTIMIZATION_LEVEL = "-O";
				VALIDATE_PRODUCT = YES;
			};
			name = Release;
		};
		01FE4DBA28E1AEBF00D1F239 /* Debug */ = {
			isa = XCBuildConfiguration;
			buildSettings = {
				ASSETCATALOG_COMPILER_APPICON_NAME = AppIcon;
				ASSETCATALOG_COMPILER_GLOBAL_ACCENT_COLOR_NAME = AccentColor;
				CLANG_ENABLE_MODULES = YES;
				CODE_SIGN_STYLE = Automatic;
				CURRENT_PROJECT_VERSION = 1;
				DEVELOPMENT_TEAM = 372ZUL2ZB7;
				GENERATE_INFOPLIST_FILE = YES;
				INFOPLIST_FILE = Fixture/Info.plist;
				INFOPLIST_KEY_UIApplicationSupportsIndirectInputEvents = YES;
				INFOPLIST_KEY_UILaunchStoryboardName = LaunchScreen;
				INFOPLIST_KEY_UIMainStoryboardFile = Main;
				INFOPLIST_KEY_UISupportedInterfaceOrientations_iPad = "UIInterfaceOrientationPortrait UIInterfaceOrientationPortraitUpsideDown UIInterfaceOrientationLandscapeLeft UIInterfaceOrientationLandscapeRight";
				INFOPLIST_KEY_UISupportedInterfaceOrientations_iPhone = "UIInterfaceOrientationPortrait UIInterfaceOrientationLandscapeLeft UIInterfaceOrientationLandscapeRight";
				IPHONEOS_DEPLOYMENT_TARGET = 11.0;
				LD_RUNPATH_SEARCH_PATHS = (
					"$(inherited)",
					"@executable_path/Frameworks",
				);
				MARKETING_VERSION = 1.0;
				PRODUCT_BUNDLE_IDENTIFIER = com.bugsnag.Fixture;
				PRODUCT_NAME = "$(TARGET_NAME)";
				SWIFT_EMIT_LOC_STRINGS = YES;
				SWIFT_OBJC_BRIDGING_HEADER = "Fixture/Fixture-Bridging-Header.h";
				SWIFT_OPTIMIZATION_LEVEL = "-Onone";
				SWIFT_VERSION = 5.0;
				TARGETED_DEVICE_FAMILY = "1,2";
			};
			name = Debug;
		};
		01FE4DBB28E1AEBF00D1F239 /* Release */ = {
			isa = XCBuildConfiguration;
			buildSettings = {
				ASSETCATALOG_COMPILER_APPICON_NAME = AppIcon;
				ASSETCATALOG_COMPILER_GLOBAL_ACCENT_COLOR_NAME = AccentColor;
				CLANG_ENABLE_MODULES = YES;
				CODE_SIGN_STYLE = Automatic;
				CURRENT_PROJECT_VERSION = 1;
				DEVELOPMENT_TEAM = 372ZUL2ZB7;
				GENERATE_INFOPLIST_FILE = YES;
				INFOPLIST_FILE = Fixture/Info.plist;
				INFOPLIST_KEY_UIApplicationSupportsIndirectInputEvents = YES;
				INFOPLIST_KEY_UILaunchStoryboardName = LaunchScreen;
				INFOPLIST_KEY_UIMainStoryboardFile = Main;
				INFOPLIST_KEY_UISupportedInterfaceOrientations_iPad = "UIInterfaceOrientationPortrait UIInterfaceOrientationPortraitUpsideDown UIInterfaceOrientationLandscapeLeft UIInterfaceOrientationLandscapeRight";
				INFOPLIST_KEY_UISupportedInterfaceOrientations_iPhone = "UIInterfaceOrientationPortrait UIInterfaceOrientationLandscapeLeft UIInterfaceOrientationLandscapeRight";
				IPHONEOS_DEPLOYMENT_TARGET = 11.0;
				LD_RUNPATH_SEARCH_PATHS = (
					"$(inherited)",
					"@executable_path/Frameworks",
				);
				MARKETING_VERSION = 1.0;
				PRODUCT_BUNDLE_IDENTIFIER = com.bugsnag.Fixture;
				PRODUCT_NAME = "$(TARGET_NAME)";
				SWIFT_EMIT_LOC_STRINGS = YES;
				SWIFT_OBJC_BRIDGING_HEADER = "Fixture/Fixture-Bridging-Header.h";
				SWIFT_VERSION = 5.0;
				TARGETED_DEVICE_FAMILY = "1,2";
			};
			name = Release;
		};
/* End XCBuildConfiguration section */

/* Begin XCConfigurationList section */
		01FE4DA028E1AEBD00D1F239 /* Build configuration list for PBXProject "Fixture" */ = {
			isa = XCConfigurationList;
			buildConfigurations = (
				01FE4DB728E1AEBF00D1F239 /* Debug */,
				01FE4DB828E1AEBF00D1F239 /* Release */,
			);
			defaultConfigurationIsVisible = 0;
			defaultConfigurationName = Release;
		};
		01FE4DB928E1AEBF00D1F239 /* Build configuration list for PBXNativeTarget "Fixture" */ = {
			isa = XCConfigurationList;
			buildConfigurations = (
				01FE4DBA28E1AEBF00D1F239 /* Debug */,
				01FE4DBB28E1AEBF00D1F239 /* Release */,
			);
			defaultConfigurationIsVisible = 0;
			defaultConfigurationName = Release;
		};
/* End XCConfigurationList section */

/* Begin XCRemoteSwiftPackageReference section */
		01A414C62912CA18003152A4 /* XCRemoteSwiftPackageReference "bugsnag-cocoa" */ = {
			isa = XCRemoteSwiftPackageReference;
			repositoryURL = "https://github.com/bugsnag/bugsnag-cocoa";
			requirement = {
				branch = master;
				kind = branch;
			};
		};
/* End XCRemoteSwiftPackageReference section */

/* Begin XCSwiftPackageProductDependency section */
		01A414C72912CA18003152A4 /* Bugsnag */ = {
			isa = XCSwiftPackageProductDependency;
			package = 01A414C62912CA18003152A4 /* XCRemoteSwiftPackageReference "bugsnag-cocoa" */;
			productName = Bugsnag;
		};
		01FE4DBF28E1AEDF00D1F239 /* BugsnagPerformance */ = {
			isa = XCSwiftPackageProductDependency;
			productName = BugsnagPerformance;
		};
/* End XCSwiftPackageProductDependency section */
	};
	rootObject = 01FE4D9D28E1AEBD00D1F239 /* Project object */;
}
