// !$*UTF8*$!
{
	archiveVersion = 1;
	classes = {
	};
	objectVersion = 55;
	objects = {

/* Begin PBXBuildFile section */
		0185C47228F6C983006F9BDC /* AutoInstrumentViewLoadScenario.swift in Sources */ = {isa = PBXBuildFile; fileRef = 0185C47128F6C983006F9BDC /* AutoInstrumentViewLoadScenario.swift */; };
		01A414C82912CA18003152A4 /* Bugsnag in Frameworks */ = {isa = PBXBuildFile; productRef = 01A414C72912CA18003152A4 /* Bugsnag */; };
		01A58C1529096AF4006E4DF7 /* SamplingProbabilityZeroScenario.swift in Sources */ = {isa = PBXBuildFile; fileRef = 01A58C1429096AF4006E4DF7 /* SamplingProbabilityZeroScenario.swift */; };
		01D3A7E028F0290D0063D79E /* AutoInstrumentAppStartsScenario.swift in Sources */ = {isa = PBXBuildFile; fileRef = 01D3A7DF28F0290D0063D79E /* AutoInstrumentAppStartsScenario.swift */; };
		01E3F99128F46B6700003F44 /* ManualViewLoadScenario.swift in Sources */ = {isa = PBXBuildFile; fileRef = 01E3F99028F46B6700003F44 /* ManualViewLoadScenario.swift */; };
		01E7918A28EC7B5E00855993 /* ManualSpanBeforeStartScenario.swift in Sources */ = {isa = PBXBuildFile; fileRef = 01E7918928EC7B5E00855993 /* ManualSpanBeforeStartScenario.swift */; };
		01FE4DA928E1AEBD00D1F239 /* AppDelegate.swift in Sources */ = {isa = PBXBuildFile; fileRef = 01FE4DA828E1AEBD00D1F239 /* AppDelegate.swift */; };
		01FE4DAB28E1AEBD00D1F239 /* SceneDelegate.swift in Sources */ = {isa = PBXBuildFile; fileRef = 01FE4DAA28E1AEBD00D1F239 /* SceneDelegate.swift */; };
		01FE4DAD28E1AEBD00D1F239 /* ViewController.swift in Sources */ = {isa = PBXBuildFile; fileRef = 01FE4DAC28E1AEBD00D1F239 /* ViewController.swift */; };
		01FE4DB028E1AEBD00D1F239 /* Main.storyboard in Resources */ = {isa = PBXBuildFile; fileRef = 01FE4DAE28E1AEBD00D1F239 /* Main.storyboard */; };
		01FE4DB228E1AEBF00D1F239 /* Assets.xcassets in Resources */ = {isa = PBXBuildFile; fileRef = 01FE4DB128E1AEBF00D1F239 /* Assets.xcassets */; };
		01FE4DB528E1AEBF00D1F239 /* LaunchScreen.storyboard in Resources */ = {isa = PBXBuildFile; fileRef = 01FE4DB328E1AEBF00D1F239 /* LaunchScreen.storyboard */; };
		01FE4DC328E1AF3700D1F239 /* ManualSpanScenario.swift in Sources */ = {isa = PBXBuildFile; fileRef = 01FE4DC228E1AF3700D1F239 /* ManualSpanScenario.swift */; };
		01FE4DC528E1AF9600D1F239 /* Scenario.swift in Sources */ = {isa = PBXBuildFile; fileRef = 01FE4DC428E1AF9600D1F239 /* Scenario.swift */; };
		01FE4DC728E1D5A400D1F239 /* Fixture.swift in Sources */ = {isa = PBXBuildFile; fileRef = 01FE4DC628E1D5A400D1F239 /* Fixture.swift */; };
		091B95722CA179AC007DC8A9 /* AutoInstrumentNetworkPreStartScenario.swift in Sources */ = {isa = PBXBuildFile; fileRef = 091B95712CA179AC007DC8A9 /* AutoInstrumentNetworkPreStartScenario.swift */; };
		091B95742CA18F66007DC8A9 /* AutoInstrumentNetworkPreStartDisabledScenario.swift in Sources */ = {isa = PBXBuildFile; fileRef = 091B95732CA18F66007DC8A9 /* AutoInstrumentNetworkPreStartDisabledScenario.swift */; };
		0921F02E2A69262300C764EB /* AutoInstrumentNetworkCallbackScenario.swift in Sources */ = {isa = PBXBuildFile; fileRef = 0921F02D2A69262300C764EB /* AutoInstrumentNetworkCallbackScenario.swift */; };
		09301DC12B63A65A000A7C12 /* ComplexViewScenario.swift in Sources */ = {isa = PBXBuildFile; fileRef = 09301DC02B63A65A000A7C12 /* ComplexViewScenario.swift */; };
		093EE63D2C32E5B900632B30 /* ManualParentSpanScenario.swift in Sources */ = {isa = PBXBuildFile; fileRef = 093EE63C2C32E5B900632B30 /* ManualParentSpanScenario.swift */; };
		094F41E62C4A84D6008162A4 /* SetAttributesScenario.swift in Sources */ = {isa = PBXBuildFile; fileRef = 094F41E52C4A84D6008162A4 /* SetAttributesScenario.swift */; };
		09637A3C2B0607F300F4F776 /* Logging.swift in Sources */ = {isa = PBXBuildFile; fileRef = 09637A3B2B0607F300F4F776 /* Logging.swift */; };
		09637A3F2B06082200F4F776 /* Logging.m in Sources */ = {isa = PBXBuildFile; fileRef = 09637A3E2B06082200F4F776 /* Logging.m */; };
		09637A412B060E7C00F4F776 /* CommandReaderThread.swift in Sources */ = {isa = PBXBuildFile; fileRef = 09637A402B060E7C00F4F776 /* CommandReaderThread.swift */; };
		09637A432B0617FE00F4F776 /* MazeRunnerCommand.swift in Sources */ = {isa = PBXBuildFile; fileRef = 09637A422B0617FE00F4F776 /* MazeRunnerCommand.swift */; };
		09637A452B0B883B00F4F776 /* FixtureConfig.swift in Sources */ = {isa = PBXBuildFile; fileRef = 09637A442B0B883B00F4F776 /* FixtureConfig.swift */; };
		096EE5EF2B3C2B3E006059CE /* AutoInstrumentSwiftUIDeferredScenario.swift in Sources */ = {isa = PBXBuildFile; fileRef = 096EE5EE2B3C2B3E006059CE /* AutoInstrumentSwiftUIDeferredScenario.swift */; };
		097FFC0B2C33D931000E03E8 /* AutoInstrumentNullNetworkCallbackScenario.swift in Sources */ = {isa = PBXBuildFile; fileRef = 097FFC0A2C33D931000E03E8 /* AutoInstrumentNullNetworkCallbackScenario.swift */; };
		0983A1792B14B20C00DDF4FF /* AutoInstrumentSwiftUIScenario.swift in Sources */ = {isa = PBXBuildFile; fileRef = 0983A1782B14B20C00DDF4FF /* AutoInstrumentSwiftUIScenario.swift */; };
		098808E02B10A6E400DC1677 /* ManualViewLoadPhaseScenario.swift in Sources */ = {isa = PBXBuildFile; fileRef = 098808DF2B10A6E400DC1677 /* ManualViewLoadPhaseScenario.swift */; };
		0988B5372CAD32C500D131B1 /* InfraCheckNoBugsnagScenario.swift in Sources */ = {isa = PBXBuildFile; fileRef = 0988B5362CAD32C500D131B1 /* InfraCheckNoBugsnagScenario.swift */; };
		0988B5392CAD36C500D131B1 /* InfraCheckMinimalBugsnagScenario.swift in Sources */ = {isa = PBXBuildFile; fileRef = 0988B5382CAD36C500D131B1 /* InfraCheckMinimalBugsnagScenario.swift */; };
		098C3B2D2C523EC5006F9886 /* OnEndCallbackScenario.swift in Sources */ = {isa = PBXBuildFile; fileRef = 098C3B2C2C523EC5006F9886 /* OnEndCallbackScenario.swift */; };
		098C3B502C53CEC0006F9886 /* ErrorGenerator.m in Sources */ = {isa = PBXBuildFile; fileRef = 098C3B4F2C53CEC0006F9886 /* ErrorGenerator.m */; };
		098C3B522C53CECF006F9886 /* SwiftErrorGenerator.swift in Sources */ = {isa = PBXBuildFile; fileRef = 098C3B512C53CECF006F9886 /* SwiftErrorGenerator.swift */; };
		099331FC2C11F6CF009EC92F /* AutoInstrumentAVAssetScenario.swift in Sources */ = {isa = PBXBuildFile; fileRef = 099331FB2C11F6CF009EC92F /* AutoInstrumentAVAssetScenario.swift */; };
		09D59E172BDFA23600199E1B /* ManualNetworkTracePropagationScenario.swift in Sources */ = {isa = PBXBuildFile; fileRef = 09D59E162BDFA23600199E1B /* ManualNetworkTracePropagationScenario.swift */; };
		09D59E1D2BE105F700199E1B /* AutoInstrumentNetworkTracePropagationScenario.swift in Sources */ = {isa = PBXBuildFile; fileRef = 09D59E1C2BE105F700199E1B /* AutoInstrumentNetworkTracePropagationScenario.swift */; };
		09DA59A52A6E866B00A06EEE /* ManualNetworkCallbackScenario.swift in Sources */ = {isa = PBXBuildFile; fileRef = 09DA59A42A6E866B00A06EEE /* ManualNetworkCallbackScenario.swift */; };
		09DC622A2C6DE242000AA8E1 /* EarlySpanOnEndScenario.swift in Sources */ = {isa = PBXBuildFile; fileRef = 09DC62292C6DE242000AA8E1 /* EarlySpanOnEndScenario.swift */; };
		09E0455F2C94662B003882D3 /* SetAttributesWithLimitsScenario.swift in Sources */ = {isa = PBXBuildFile; fileRef = 09E0455E2C94662B003882D3 /* SetAttributesWithLimitsScenario.swift */; };
		09E045612C98649D003882D3 /* SetAttributeCountLimitScenario.swift in Sources */ = {isa = PBXBuildFile; fileRef = 09E045602C98649D003882D3 /* SetAttributeCountLimitScenario.swift */; };
		09E9BDAF2C80907B00DC7C8E /* ModifyEarlySpansScenario.swift in Sources */ = {isa = PBXBuildFile; fileRef = 09E9BDAE2C80907B00DC7C8E /* ModifyEarlySpansScenario.swift */; };
		09F025072BA08804007D9F73 /* ObjCURLSession.m in Sources */ = {isa = PBXBuildFile; fileRef = 09F025062BA08804007D9F73 /* ObjCURLSession.m */; };
		09F025092BA08817007D9F73 /* AutoInstrumentNetworkNullURLScenario.swift in Sources */ = {isa = PBXBuildFile; fileRef = 09F025082BA08817007D9F73 /* AutoInstrumentNetworkNullURLScenario.swift */; };
		09F025152BAC50EC007D9F73 /* ViewDidLoadDoesntTriggerScenario.swift in Sources */ = {isa = PBXBuildFile; fileRef = 09F025142BAC50EC007D9F73 /* ViewDidLoadDoesntTriggerScenario.swift */; };
		09F3F52A2D6C72B300BAA0A3 /* CPUMetricsScenario.swift in Sources */ = {isa = PBXBuildFile; fileRef = 09F3F5292D6C72B300BAA0A3 /* CPUMetricsScenario.swift */; };
		09F3F52C2D6C72BD00BAA0A3 /* MemoryMetricsScenario.swift in Sources */ = {isa = PBXBuildFile; fileRef = 09F3F52B2D6C72BD00BAA0A3 /* MemoryMetricsScenario.swift */; };
		55A1B7CB2CBFF140009D68A7 /* BugsnagPerformance.xcframework in Frameworks */ = {isa = PBXBuildFile; fileRef = 55A1B7C92CBFF140009D68A7 /* BugsnagPerformance.xcframework */; };
		55A1B7CC2CBFF140009D68A7 /* BugsnagPerformance.xcframework in Embed Frameworks */ = {isa = PBXBuildFile; fileRef = 55A1B7C92CBFF140009D68A7 /* BugsnagPerformance.xcframework */; settings = {ATTRIBUTES = (CodeSignOnCopy, RemoveHeadersOnCopy, ); }; };
		55A1B7CD2CBFF140009D68A7 /* BugsnagPerformanceSwift.xcframework in Frameworks */ = {isa = PBXBuildFile; fileRef = 55A1B7CA2CBFF140009D68A7 /* BugsnagPerformanceSwift.xcframework */; };
		55A1B7CE2CBFF140009D68A7 /* BugsnagPerformanceSwift.xcframework in Embed Frameworks */ = {isa = PBXBuildFile; fileRef = 55A1B7CA2CBFF140009D68A7 /* BugsnagPerformanceSwift.xcframework */; settings = {ATTRIBUTES = (CodeSignOnCopy, RemoveHeadersOnCopy, ); }; };
		960EECE92B2316E1009FAA11 /* AutoInstrumentGenericViewLoadScenario.swift in Sources */ = {isa = PBXBuildFile; fileRef = 960EECE82B2316E1009FAA11 /* AutoInstrumentGenericViewLoadScenario.swift */; };
		96284DCE2B626B6F00025070 /* AutoInstrumentPreLoadedViewLoadScenario.swift in Sources */ = {isa = PBXBuildFile; fileRef = 96284DCD2B626B6F00025070 /* AutoInstrumentPreLoadedViewLoadScenario.swift */; };
		9657A8992A3CF75B001CEF5D /* AutoInstrumentTabViewLoadScenario.swift in Sources */ = {isa = PBXBuildFile; fileRef = 9657A8982A3CF75B001CEF5D /* AutoInstrumentTabViewLoadScenario.swift */; };
		9657A89B2A3D06EB001CEF5D /* AutoInstrumentNavigationViewLoadScenario.swift in Sources */ = {isa = PBXBuildFile; fileRef = 9657A89A2A3D06EB001CEF5D /* AutoInstrumentNavigationViewLoadScenario.swift */; };
		966634DE2C9DE2E0004A934D /* FrameMetricsFronzenFramesScenario.swift in Sources */ = {isa = PBXBuildFile; fileRef = 966634DD2C9DE2E0004A934D /* FrameMetricsFronzenFramesScenario.swift */; };
		966634E02C9DE384004A934D /* FrameMetricsSlowFramesScenario.swift in Sources */ = {isa = PBXBuildFile; fileRef = 966634DF2C9DE384004A934D /* FrameMetricsSlowFramesScenario.swift */; };
		966634E22C9DE648004A934D /* FrameMetricsNoSlowFramesScenario.swift in Sources */ = {isa = PBXBuildFile; fileRef = 966634E12C9DE648004A934D /* FrameMetricsNoSlowFramesScenario.swift */; };
		967F6F1A29C4AD300054EED8 /* ReleaseStageNotEnabledScenario.swift in Sources */ = {isa = PBXBuildFile; fileRef = 967F6F1929C4AD300054EED8 /* ReleaseStageNotEnabledScenario.swift */; };
		9691A9DD2CA5E61500707CDF /* FrameMetricsAutoInstrumentRenderingOffScenario.swift in Sources */ = {isa = PBXBuildFile; fileRef = 9691A9DC2CA5E61500707CDF /* FrameMetricsAutoInstrumentRenderingOffScenario.swift */; };
		9691A9DF2CA5E62800707CDF /* FrameMetricsSpanInstrumentRenderingOffScenario.swift in Sources */ = {isa = PBXBuildFile; fileRef = 9691A9DE2CA5E62800707CDF /* FrameMetricsSpanInstrumentRenderingOffScenario.swift */; };
		9691A9E12CA7588700707CDF /* FrameMetricsNonFirstClassSpanInstrumentRenderingOnScenario.swift in Sources */ = {isa = PBXBuildFile; fileRef = 9691A9E02CA7588700707CDF /* FrameMetricsNonFirstClassSpanInstrumentRenderingOnScenario.swift */; };
		96986DA42D506B8F00A44C34 /* SpanConditionsMultipleConditionsScenario.swift in Sources */ = {isa = PBXBuildFile; fileRef = 96986DA12D506B8F00A44C34 /* SpanConditionsMultipleConditionsScenario.swift */; };
		96986DA52D506B8F00A44C34 /* SpanConditionsConditionTimedOutScenario.swift in Sources */ = {isa = PBXBuildFile; fileRef = 96986DA22D506B8F00A44C34 /* SpanConditionsConditionTimedOutScenario.swift */; };
		96986DA62D506B8F00A44C34 /* SpanConditionsSimpleConditionScenario.swift in Sources */ = {isa = PBXBuildFile; fileRef = 96986DA32D506B8F00A44C34 /* SpanConditionsSimpleConditionScenario.swift */; };
		96D528CC2C72B14300FEA2E2 /* AppDataOverrideScenario.swift in Sources */ = {isa = PBXBuildFile; fileRef = 96D528CB2C72B14300FEA2E2 /* AppDataOverrideScenario.swift */; };
		96D528CE2C75DC7000FEA2E2 /* FixedSamplingProbabilityOneScenario.swift in Sources */ = {isa = PBXBuildFile; fileRef = 96D528CD2C75DC7000FEA2E2 /* FixedSamplingProbabilityOneScenario.swift */; };
		96D528D02C77F38400FEA2E2 /* FixedSamplingProbabilityZeroScenario.swift in Sources */ = {isa = PBXBuildFile; fileRef = 96D528CF2C77F38400FEA2E2 /* FixedSamplingProbabilityZeroScenario.swift */; };
		96DADF542EAFCB6300B56CE6 /* ManualSpanEndOnDestroyScenario.swift in Sources */ = {isa = PBXBuildFile; fileRef = 96DADF532EAFCB6300B56CE6 /* ManualSpanEndOnDestroyScenario.swift */; };
		96E0B34B2CD0E21C008AEB9C /* AutoInstrumentNetworkSharedSessionInvalidateScenario.swift in Sources */ = {isa = PBXBuildFile; fileRef = 96E0B34A2CD0E21C008AEB9C /* AutoInstrumentNetworkSharedSessionInvalidateScenario.swift */; };
		96F129332DCE0CDD00A6FB2B /* RenderingMetricsScenario.swift in Sources */ = {isa = PBXBuildFile; fileRef = 96F129322DCE0CDD00A6FB2B /* RenderingMetricsScenario.swift */; };
		96F5268C2C259E4E0095D600 /* ManualNetworkSpanCallbackSetToNilScenario.swift in Sources */ = {isa = PBXBuildFile; fileRef = 96F5268B2C259E4E0095D600 /* ManualNetworkSpanCallbackSetToNilScenario.swift */; };
		96F901192EE836E10026F5B9 /* ManualParentBlockedSpanScenario.swift in Sources */ = {isa = PBXBuildFile; fileRef = 96F901182EE836E10026F5B9 /* ManualParentBlockedSpanScenario.swift */; };
		CB0496942913CA300097E526 /* BatchingWithTimeoutScenario.swift in Sources */ = {isa = PBXBuildFile; fileRef = CB0496932913CA300097E526 /* BatchingWithTimeoutScenario.swift */; };
		CB0AD76E2965BBDA002A3FB6 /* InitialPScenario.swift in Sources */ = {isa = PBXBuildFile; fileRef = CB0AD76D2965BBDA002A3FB6 /* InitialPScenario.swift */; };
		CB2B8A9D2A0CCEF90054FBBE /* AutoInstrumentFileURLRequestScenario.swift in Sources */ = {isa = PBXBuildFile; fileRef = CB2B8A9C2A0CCEF90054FBBE /* AutoInstrumentFileURLRequestScenario.swift */; };
		CB2B8A9F2A0E80B80054FBBE /* AutoInstrumentNetworkBadAddressScenario.swift in Sources */ = {isa = PBXBuildFile; fileRef = CB2B8A9E2A0E80B80054FBBE /* AutoInstrumentNetworkBadAddressScenario.swift */; };
		CB3477182901481F0033759C /* AutoInstrumentNetworkWithParentScenario.swift in Sources */ = {isa = PBXBuildFile; fileRef = CB3477172901481F0033759C /* AutoInstrumentNetworkWithParentScenario.swift */; };
		CB572EAD29BB829800FD7A2A /* BackgroundForegroundScenario.swift in Sources */ = {isa = PBXBuildFile; fileRef = CB572EAC29BB829800FD7A2A /* BackgroundForegroundScenario.swift */; };
		CB7FD92B299BB4E300499E13 /* ManualUIViewLoadScenario.swift in Sources */ = {isa = PBXBuildFile; fileRef = CB7FD92A299BB4E300499E13 /* ManualUIViewLoadScenario.swift */; };
		CBAAE2592912601D006D4AA0 /* BatchingScenario.swift in Sources */ = {isa = PBXBuildFile; fileRef = CBAAE2582912601D006D4AA0 /* BatchingScenario.swift */; };
		CBC90C4329C466BD00280884 /* ForceUBSan.m in Sources */ = {isa = PBXBuildFile; fileRef = CBC90C4229C466BD00280884 /* ForceUBSan.m */; };
		CBC90CDE29CDCFF700280884 /* FirstClassNoScenario.swift in Sources */ = {isa = PBXBuildFile; fileRef = CBC90CDD29CDCFF700280884 /* FirstClassNoScenario.swift */; };
		CBC90CE029CDD02800280884 /* FirstClassYesScenario.swift in Sources */ = {isa = PBXBuildFile; fileRef = CBC90CDF29CDD02800280884 /* FirstClassYesScenario.swift */; };
		CBC90CE429D1BDE400280884 /* AutoInstrumentSubViewLoadScenario.swift in Sources */ = {isa = PBXBuildFile; fileRef = CBC90CE329D1BDE400280884 /* AutoInstrumentSubViewLoadScenario.swift */; };
		CBE0872B29F81BBB007455F2 /* AutoInstrumentNetworkNoParentScenario.swift in Sources */ = {isa = PBXBuildFile; fileRef = CBE0872A29F81BBB007455F2 /* AutoInstrumentNetworkNoParentScenario.swift */; };
		CBE43A9929A8EFA3000B4205 /* ProbabilityExpiryScenario.swift in Sources */ = {isa = PBXBuildFile; fileRef = CBE43A9829A8EFA3000B4205 /* ProbabilityExpiryScenario.swift */; };
		CBE615F729A4C1F0000E72D8 /* ParentSpanScenario.swift in Sources */ = {isa = PBXBuildFile; fileRef = CBE615F629A4C1F0000E72D8 /* ParentSpanScenario.swift */; };
		CBE6B66B28FD66B400D1CF78 /* ManualNetworkSpanScenario.swift in Sources */ = {isa = PBXBuildFile; fileRef = CBE6B66A28FD66B400D1CF78 /* ManualNetworkSpanScenario.swift */; };
		CBEC89232A458BA70088A3CE /* AutoInstrumentNetworkMultiple.swift in Sources */ = {isa = PBXBuildFile; fileRef = CBEC89222A458BA70088A3CE /* AutoInstrumentNetworkMultiple.swift */; };
		CBEC89452A4ED0590088A3CE /* MaxPayloadSizeScenario.swift in Sources */ = {isa = PBXBuildFile; fileRef = CBEC89442A4ED0590088A3CE /* MaxPayloadSizeScenario.swift */; };
		CBF62109291A4F47004BEE0B /* RetryScenario.swift in Sources */ = {isa = PBXBuildFile; fileRef = CBF62108291A4F47004BEE0B /* RetryScenario.swift */; };
		DA58B7D42DF8365E00CB80A4 /* PluginScenario.swift in Sources */ = {isa = PBXBuildFile; fileRef = DA58B7D32DF8365E00CB80A4 /* PluginScenario.swift */; };
		DA58B7D82DF97D7200CB80A4 /* PluginInstallErrorScenario.swift in Sources */ = {isa = PBXBuildFile; fileRef = DA58B7D72DF97D7200CB80A4 /* PluginInstallErrorScenario.swift */; };
		DA95ABF52E3A7FBA001E6B0E /* NamedSpansPluginScenario.swift in Sources */ = {isa = PBXBuildFile; fileRef = DA95ABF42E3A7FBA001E6B0E /* NamedSpansPluginScenario.swift */; };
		DAC7DD6C2E3CDA990091961A /* BugsnagPerformanceNamedSpans.xcframework in Frameworks */ = {isa = PBXBuildFile; fileRef = DAC7DD6A2E3CDA590091961A /* BugsnagPerformanceNamedSpans.xcframework */; };
		DAC7DD6D2E3CDA990091961A /* BugsnagPerformanceNamedSpans.xcframework in Embed Frameworks */ = {isa = PBXBuildFile; fileRef = DAC7DD6A2E3CDA590091961A /* BugsnagPerformanceNamedSpans.xcframework */; settings = {ATTRIBUTES = (CodeSignOnCopy, RemoveHeadersOnCopy, ); }; };
		DADB14F72DDF852B0006F44F /* OnStartCallbackScenario.swift in Sources */ = {isa = PBXBuildFile; fileRef = DADB14F62DDF85210006F44F /* OnStartCallbackScenario.swift */; };
/* End PBXBuildFile section */

/* Begin PBXCopyFilesBuildPhase section */
		55A1B7CF2CBFF140009D68A7 /* Embed Frameworks */ = {
			isa = PBXCopyFilesBuildPhase;
			buildActionMask = 2147483647;
			dstPath = "";
			dstSubfolderSpec = 10;
			files = (
				55A1B7CE2CBFF140009D68A7 /* BugsnagPerformanceSwift.xcframework in Embed Frameworks */,
				DAC7DD6D2E3CDA990091961A /* BugsnagPerformanceNamedSpans.xcframework in Embed Frameworks */,
				55A1B7CC2CBFF140009D68A7 /* BugsnagPerformance.xcframework in Embed Frameworks */,
			);
			name = "Embed Frameworks";
			runOnlyForDeploymentPostprocessing = 0;
		};
/* End PBXCopyFilesBuildPhase section */

/* Begin PBXFileReference section */
		0185C47128F6C983006F9BDC /* AutoInstrumentViewLoadScenario.swift */ = {isa = PBXFileReference; lastKnownFileType = sourcecode.swift; path = AutoInstrumentViewLoadScenario.swift; sourceTree = "<group>"; };
		01A58C1429096AF4006E4DF7 /* SamplingProbabilityZeroScenario.swift */ = {isa = PBXFileReference; fileEncoding = 4; lastKnownFileType = sourcecode.swift; path = SamplingProbabilityZeroScenario.swift; sourceTree = "<group>"; };
		01D3A7DF28F0290D0063D79E /* AutoInstrumentAppStartsScenario.swift */ = {isa = PBXFileReference; lastKnownFileType = sourcecode.swift; path = AutoInstrumentAppStartsScenario.swift; sourceTree = "<group>"; };
		01E3F99028F46B6700003F44 /* ManualViewLoadScenario.swift */ = {isa = PBXFileReference; lastKnownFileType = sourcecode.swift; path = ManualViewLoadScenario.swift; sourceTree = "<group>"; };
		01E7918928EC7B5E00855993 /* ManualSpanBeforeStartScenario.swift */ = {isa = PBXFileReference; lastKnownFileType = sourcecode.swift; path = ManualSpanBeforeStartScenario.swift; sourceTree = "<group>"; };
		01FE4DA528E1AEBD00D1F239 /* Fixture.app */ = {isa = PBXFileReference; explicitFileType = wrapper.application; includeInIndex = 0; path = Fixture.app; sourceTree = BUILT_PRODUCTS_DIR; };
		01FE4DA828E1AEBD00D1F239 /* AppDelegate.swift */ = {isa = PBXFileReference; lastKnownFileType = sourcecode.swift; path = AppDelegate.swift; sourceTree = "<group>"; };
		01FE4DAA28E1AEBD00D1F239 /* SceneDelegate.swift */ = {isa = PBXFileReference; lastKnownFileType = sourcecode.swift; path = SceneDelegate.swift; sourceTree = "<group>"; };
		01FE4DAC28E1AEBD00D1F239 /* ViewController.swift */ = {isa = PBXFileReference; lastKnownFileType = sourcecode.swift; path = ViewController.swift; sourceTree = "<group>"; };
		01FE4DAF28E1AEBD00D1F239 /* Base */ = {isa = PBXFileReference; lastKnownFileType = file.storyboard; name = Base; path = Base.lproj/Main.storyboard; sourceTree = "<group>"; };
		01FE4DB128E1AEBF00D1F239 /* Assets.xcassets */ = {isa = PBXFileReference; lastKnownFileType = folder.assetcatalog; path = Assets.xcassets; sourceTree = "<group>"; };
		01FE4DB428E1AEBF00D1F239 /* Base */ = {isa = PBXFileReference; lastKnownFileType = file.storyboard; name = Base; path = Base.lproj/LaunchScreen.storyboard; sourceTree = "<group>"; };
		01FE4DB628E1AEBF00D1F239 /* Info.plist */ = {isa = PBXFileReference; lastKnownFileType = text.plist.xml; path = Info.plist; sourceTree = "<group>"; };
		01FE4DBD28E1AED000D1F239 /* bugsnag-cocoa-performance */ = {isa = PBXFileReference; lastKnownFileType = wrapper; name = "bugsnag-cocoa-performance"; path = ../../..; sourceTree = "<group>"; };
		01FE4DC228E1AF3700D1F239 /* ManualSpanScenario.swift */ = {isa = PBXFileReference; lastKnownFileType = sourcecode.swift; path = ManualSpanScenario.swift; sourceTree = "<group>"; };
		01FE4DC428E1AF9600D1F239 /* Scenario.swift */ = {isa = PBXFileReference; lastKnownFileType = sourcecode.swift; path = Scenario.swift; sourceTree = "<group>"; };
		01FE4DC628E1D5A400D1F239 /* Fixture.swift */ = {isa = PBXFileReference; lastKnownFileType = sourcecode.swift; path = Fixture.swift; sourceTree = "<group>"; };
		091B95712CA179AC007DC8A9 /* AutoInstrumentNetworkPreStartScenario.swift */ = {isa = PBXFileReference; lastKnownFileType = sourcecode.swift; path = AutoInstrumentNetworkPreStartScenario.swift; sourceTree = "<group>"; };
		091B95732CA18F66007DC8A9 /* AutoInstrumentNetworkPreStartDisabledScenario.swift */ = {isa = PBXFileReference; lastKnownFileType = sourcecode.swift; path = AutoInstrumentNetworkPreStartDisabledScenario.swift; sourceTree = "<group>"; };
		0921F02D2A69262300C764EB /* AutoInstrumentNetworkCallbackScenario.swift */ = {isa = PBXFileReference; lastKnownFileType = sourcecode.swift; path = AutoInstrumentNetworkCallbackScenario.swift; sourceTree = "<group>"; };
		09301DC02B63A65A000A7C12 /* ComplexViewScenario.swift */ = {isa = PBXFileReference; lastKnownFileType = sourcecode.swift; path = ComplexViewScenario.swift; sourceTree = "<group>"; };
		093EE63C2C32E5B900632B30 /* ManualParentSpanScenario.swift */ = {isa = PBXFileReference; lastKnownFileType = sourcecode.swift; path = ManualParentSpanScenario.swift; sourceTree = "<group>"; };
		094F41E52C4A84D6008162A4 /* SetAttributesScenario.swift */ = {isa = PBXFileReference; lastKnownFileType = sourcecode.swift; path = SetAttributesScenario.swift; sourceTree = "<group>"; };
		09637A3B2B0607F300F4F776 /* Logging.swift */ = {isa = PBXFileReference; lastKnownFileType = sourcecode.swift; path = Logging.swift; sourceTree = "<group>"; };
		09637A3D2B06082200F4F776 /* Logging.h */ = {isa = PBXFileReference; lastKnownFileType = sourcecode.c.h; path = Logging.h; sourceTree = "<group>"; };
		09637A3E2B06082200F4F776 /* Logging.m */ = {isa = PBXFileReference; lastKnownFileType = sourcecode.c.objc; path = Logging.m; sourceTree = "<group>"; };
		09637A402B060E7C00F4F776 /* CommandReaderThread.swift */ = {isa = PBXFileReference; lastKnownFileType = sourcecode.swift; path = CommandReaderThread.swift; sourceTree = "<group>"; };
		09637A422B0617FE00F4F776 /* MazeRunnerCommand.swift */ = {isa = PBXFileReference; lastKnownFileType = sourcecode.swift; path = MazeRunnerCommand.swift; sourceTree = "<group>"; };
		09637A442B0B883B00F4F776 /* FixtureConfig.swift */ = {isa = PBXFileReference; lastKnownFileType = sourcecode.swift; path = FixtureConfig.swift; sourceTree = "<group>"; };
		096EE5EE2B3C2B3E006059CE /* AutoInstrumentSwiftUIDeferredScenario.swift */ = {isa = PBXFileReference; lastKnownFileType = sourcecode.swift; path = AutoInstrumentSwiftUIDeferredScenario.swift; sourceTree = "<group>"; };
		097FFC0A2C33D931000E03E8 /* AutoInstrumentNullNetworkCallbackScenario.swift */ = {isa = PBXFileReference; lastKnownFileType = sourcecode.swift; path = AutoInstrumentNullNetworkCallbackScenario.swift; sourceTree = "<group>"; };
		0983A1782B14B20C00DDF4FF /* AutoInstrumentSwiftUIScenario.swift */ = {isa = PBXFileReference; lastKnownFileType = sourcecode.swift; path = AutoInstrumentSwiftUIScenario.swift; sourceTree = "<group>"; };
		098808DF2B10A6E400DC1677 /* ManualViewLoadPhaseScenario.swift */ = {isa = PBXFileReference; lastKnownFileType = sourcecode.swift; path = ManualViewLoadPhaseScenario.swift; sourceTree = "<group>"; };
		0988B5362CAD32C500D131B1 /* InfraCheckNoBugsnagScenario.swift */ = {isa = PBXFileReference; lastKnownFileType = sourcecode.swift; path = InfraCheckNoBugsnagScenario.swift; sourceTree = "<group>"; };
		0988B5382CAD36C500D131B1 /* InfraCheckMinimalBugsnagScenario.swift */ = {isa = PBXFileReference; lastKnownFileType = sourcecode.swift; path = InfraCheckMinimalBugsnagScenario.swift; sourceTree = "<group>"; };
		098C3B2C2C523EC5006F9886 /* OnEndCallbackScenario.swift */ = {isa = PBXFileReference; lastKnownFileType = sourcecode.swift; path = OnEndCallbackScenario.swift; sourceTree = "<group>"; };
		098C3B4E2C53CEC0006F9886 /* ErrorGenerator.h */ = {isa = PBXFileReference; lastKnownFileType = sourcecode.c.h; path = ErrorGenerator.h; sourceTree = "<group>"; };
		098C3B4F2C53CEC0006F9886 /* ErrorGenerator.m */ = {isa = PBXFileReference; lastKnownFileType = sourcecode.c.objc; path = ErrorGenerator.m; sourceTree = "<group>"; };
		098C3B512C53CECF006F9886 /* SwiftErrorGenerator.swift */ = {isa = PBXFileReference; lastKnownFileType = sourcecode.swift; path = SwiftErrorGenerator.swift; sourceTree = "<group>"; };
		099331FB2C11F6CF009EC92F /* AutoInstrumentAVAssetScenario.swift */ = {isa = PBXFileReference; lastKnownFileType = sourcecode.swift; path = AutoInstrumentAVAssetScenario.swift; sourceTree = "<group>"; };
		09D59E162BDFA23600199E1B /* ManualNetworkTracePropagationScenario.swift */ = {isa = PBXFileReference; lastKnownFileType = sourcecode.swift; path = ManualNetworkTracePropagationScenario.swift; sourceTree = "<group>"; };
		09D59E1C2BE105F700199E1B /* AutoInstrumentNetworkTracePropagationScenario.swift */ = {isa = PBXFileReference; lastKnownFileType = sourcecode.swift; path = AutoInstrumentNetworkTracePropagationScenario.swift; sourceTree = "<group>"; };
		09DA59A42A6E866B00A06EEE /* ManualNetworkCallbackScenario.swift */ = {isa = PBXFileReference; lastKnownFileType = sourcecode.swift; path = ManualNetworkCallbackScenario.swift; sourceTree = "<group>"; };
		09DC62292C6DE242000AA8E1 /* EarlySpanOnEndScenario.swift */ = {isa = PBXFileReference; lastKnownFileType = sourcecode.swift; path = EarlySpanOnEndScenario.swift; sourceTree = "<group>"; };
		09E0455E2C94662B003882D3 /* SetAttributesWithLimitsScenario.swift */ = {isa = PBXFileReference; lastKnownFileType = sourcecode.swift; path = SetAttributesWithLimitsScenario.swift; sourceTree = "<group>"; };
		09E045602C98649D003882D3 /* SetAttributeCountLimitScenario.swift */ = {isa = PBXFileReference; lastKnownFileType = sourcecode.swift; path = SetAttributeCountLimitScenario.swift; sourceTree = "<group>"; };
		09E9BDAE2C80907B00DC7C8E /* ModifyEarlySpansScenario.swift */ = {isa = PBXFileReference; lastKnownFileType = sourcecode.swift; path = ModifyEarlySpansScenario.swift; sourceTree = "<group>"; };
		09F025052BA08804007D9F73 /* ObjCURLSession.h */ = {isa = PBXFileReference; lastKnownFileType = sourcecode.c.h; path = ObjCURLSession.h; sourceTree = "<group>"; };
		09F025062BA08804007D9F73 /* ObjCURLSession.m */ = {isa = PBXFileReference; lastKnownFileType = sourcecode.c.objc; path = ObjCURLSession.m; sourceTree = "<group>"; };
		09F025082BA08817007D9F73 /* AutoInstrumentNetworkNullURLScenario.swift */ = {isa = PBXFileReference; lastKnownFileType = sourcecode.swift; path = AutoInstrumentNetworkNullURLScenario.swift; sourceTree = "<group>"; };
		09F025142BAC50EC007D9F73 /* ViewDidLoadDoesntTriggerScenario.swift */ = {isa = PBXFileReference; lastKnownFileType = sourcecode.swift; path = ViewDidLoadDoesntTriggerScenario.swift; sourceTree = "<group>"; };
		09F3F5292D6C72B300BAA0A3 /* CPUMetricsScenario.swift */ = {isa = PBXFileReference; fileEncoding = 4; lastKnownFileType = sourcecode.swift; path = CPUMetricsScenario.swift; sourceTree = "<group>"; };
		09F3F52B2D6C72BD00BAA0A3 /* MemoryMetricsScenario.swift */ = {isa = PBXFileReference; fileEncoding = 4; lastKnownFileType = sourcecode.swift; path = MemoryMetricsScenario.swift; sourceTree = "<group>"; };
		55A1B7C92CBFF140009D68A7 /* BugsnagPerformance.xcframework */ = {isa = PBXFileReference; lastKnownFileType = wrapper.xcframework; name = BugsnagPerformance.xcframework; path = ../../../BugsnagPerformance.xcframework; sourceTree = "<group>"; };
		55A1B7CA2CBFF140009D68A7 /* BugsnagPerformanceSwift.xcframework */ = {isa = PBXFileReference; lastKnownFileType = wrapper.xcframework; name = BugsnagPerformanceSwift.xcframework; path = ../../../BugsnagPerformanceSwift.xcframework; sourceTree = "<group>"; };
		960EECE82B2316E1009FAA11 /* AutoInstrumentGenericViewLoadScenario.swift */ = {isa = PBXFileReference; lastKnownFileType = sourcecode.swift; path = AutoInstrumentGenericViewLoadScenario.swift; sourceTree = "<group>"; };
		96284DCD2B626B6F00025070 /* AutoInstrumentPreLoadedViewLoadScenario.swift */ = {isa = PBXFileReference; lastKnownFileType = sourcecode.swift; path = AutoInstrumentPreLoadedViewLoadScenario.swift; sourceTree = "<group>"; };
		9657A8982A3CF75B001CEF5D /* AutoInstrumentTabViewLoadScenario.swift */ = {isa = PBXFileReference; lastKnownFileType = sourcecode.swift; path = AutoInstrumentTabViewLoadScenario.swift; sourceTree = "<group>"; };
		9657A89A2A3D06EB001CEF5D /* AutoInstrumentNavigationViewLoadScenario.swift */ = {isa = PBXFileReference; lastKnownFileType = sourcecode.swift; path = AutoInstrumentNavigationViewLoadScenario.swift; sourceTree = "<group>"; };
		966634DD2C9DE2E0004A934D /* FrameMetricsFronzenFramesScenario.swift */ = {isa = PBXFileReference; lastKnownFileType = sourcecode.swift; path = FrameMetricsFronzenFramesScenario.swift; sourceTree = "<group>"; };
		966634DF2C9DE384004A934D /* FrameMetricsSlowFramesScenario.swift */ = {isa = PBXFileReference; lastKnownFileType = sourcecode.swift; path = FrameMetricsSlowFramesScenario.swift; sourceTree = "<group>"; };
		966634E12C9DE648004A934D /* FrameMetricsNoSlowFramesScenario.swift */ = {isa = PBXFileReference; lastKnownFileType = sourcecode.swift; path = FrameMetricsNoSlowFramesScenario.swift; sourceTree = "<group>"; };
		967F6F1929C4AD300054EED8 /* ReleaseStageNotEnabledScenario.swift */ = {isa = PBXFileReference; lastKnownFileType = sourcecode.swift; path = ReleaseStageNotEnabledScenario.swift; sourceTree = "<group>"; };
		9691A9DC2CA5E61500707CDF /* FrameMetricsAutoInstrumentRenderingOffScenario.swift */ = {isa = PBXFileReference; lastKnownFileType = sourcecode.swift; path = FrameMetricsAutoInstrumentRenderingOffScenario.swift; sourceTree = "<group>"; };
		9691A9DE2CA5E62800707CDF /* FrameMetricsSpanInstrumentRenderingOffScenario.swift */ = {isa = PBXFileReference; lastKnownFileType = sourcecode.swift; path = FrameMetricsSpanInstrumentRenderingOffScenario.swift; sourceTree = "<group>"; };
		9691A9E02CA7588700707CDF /* FrameMetricsNonFirstClassSpanInstrumentRenderingOnScenario.swift */ = {isa = PBXFileReference; lastKnownFileType = sourcecode.swift; path = FrameMetricsNonFirstClassSpanInstrumentRenderingOnScenario.swift; sourceTree = "<group>"; };
		96986DA12D506B8F00A44C34 /* SpanConditionsMultipleConditionsScenario.swift */ = {isa = PBXFileReference; fileEncoding = 4; lastKnownFileType = sourcecode.swift; path = SpanConditionsMultipleConditionsScenario.swift; sourceTree = "<group>"; };
		96986DA22D506B8F00A44C34 /* SpanConditionsConditionTimedOutScenario.swift */ = {isa = PBXFileReference; fileEncoding = 4; lastKnownFileType = sourcecode.swift; path = SpanConditionsConditionTimedOutScenario.swift; sourceTree = "<group>"; };
		96986DA32D506B8F00A44C34 /* SpanConditionsSimpleConditionScenario.swift */ = {isa = PBXFileReference; fileEncoding = 4; lastKnownFileType = sourcecode.swift; path = SpanConditionsSimpleConditionScenario.swift; sourceTree = "<group>"; };
		96D528CB2C72B14300FEA2E2 /* AppDataOverrideScenario.swift */ = {isa = PBXFileReference; lastKnownFileType = sourcecode.swift; path = AppDataOverrideScenario.swift; sourceTree = "<group>"; };
		96D528CD2C75DC7000FEA2E2 /* FixedSamplingProbabilityOneScenario.swift */ = {isa = PBXFileReference; lastKnownFileType = sourcecode.swift; path = FixedSamplingProbabilityOneScenario.swift; sourceTree = "<group>"; };
		96D528CF2C77F38400FEA2E2 /* FixedSamplingProbabilityZeroScenario.swift */ = {isa = PBXFileReference; lastKnownFileType = sourcecode.swift; path = FixedSamplingProbabilityZeroScenario.swift; sourceTree = "<group>"; };
		96DADF532EAFCB6300B56CE6 /* ManualSpanEndOnDestroyScenario.swift */ = {isa = PBXFileReference; lastKnownFileType = sourcecode.swift; path = ManualSpanEndOnDestroyScenario.swift; sourceTree = "<group>"; };
		96DADF582EAFCECF00B56CE6 /* BugsnagPerformanceSpan+Internal.h */ = {isa = PBXFileReference; lastKnownFileType = sourcecode.c.h; path = "BugsnagPerformanceSpan+Internal.h"; sourceTree = "<group>"; };
		96E0B34A2CD0E21C008AEB9C /* AutoInstrumentNetworkSharedSessionInvalidateScenario.swift */ = {isa = PBXFileReference; fileEncoding = 4; lastKnownFileType = sourcecode.swift; path = AutoInstrumentNetworkSharedSessionInvalidateScenario.swift; sourceTree = "<group>"; };
		96F129322DCE0CDD00A6FB2B /* RenderingMetricsScenario.swift */ = {isa = PBXFileReference; lastKnownFileType = sourcecode.swift; path = RenderingMetricsScenario.swift; sourceTree = "<group>"; };
		96F5268B2C259E4E0095D600 /* ManualNetworkSpanCallbackSetToNilScenario.swift */ = {isa = PBXFileReference; lastKnownFileType = sourcecode.swift; path = ManualNetworkSpanCallbackSetToNilScenario.swift; sourceTree = "<group>"; };
		96F901182EE836E10026F5B9 /* ManualParentBlockedSpanScenario.swift */ = {isa = PBXFileReference; lastKnownFileType = sourcecode.swift; path = ManualParentBlockedSpanScenario.swift; sourceTree = "<group>"; };
		CB0496932913CA300097E526 /* BatchingWithTimeoutScenario.swift */ = {isa = PBXFileReference; lastKnownFileType = sourcecode.swift; path = BatchingWithTimeoutScenario.swift; sourceTree = "<group>"; };
		CB0AD76D2965BBDA002A3FB6 /* InitialPScenario.swift */ = {isa = PBXFileReference; lastKnownFileType = sourcecode.swift; path = InitialPScenario.swift; sourceTree = "<group>"; };
		CB211D0629EEB615008F748D /* BugsnagPerformanceConfiguration+Private.h */ = {isa = PBXFileReference; fileEncoding = 4; lastKnownFileType = sourcecode.c.h; name = "BugsnagPerformanceConfiguration+Private.h"; path = "../../../../Sources/BugsnagPerformance/Private/BugsnagPerformanceConfiguration+Private.h"; sourceTree = "<group>"; };
		CB2B8A9C2A0CCEF90054FBBE /* AutoInstrumentFileURLRequestScenario.swift */ = {isa = PBXFileReference; lastKnownFileType = sourcecode.swift; path = AutoInstrumentFileURLRequestScenario.swift; sourceTree = "<group>"; };
		CB2B8A9E2A0E80B80054FBBE /* AutoInstrumentNetworkBadAddressScenario.swift */ = {isa = PBXFileReference; lastKnownFileType = sourcecode.swift; path = AutoInstrumentNetworkBadAddressScenario.swift; sourceTree = "<group>"; };
		CB3477172901481F0033759C /* AutoInstrumentNetworkWithParentScenario.swift */ = {isa = PBXFileReference; lastKnownFileType = sourcecode.swift; path = AutoInstrumentNetworkWithParentScenario.swift; sourceTree = "<group>"; };
		CB572EAC29BB829800FD7A2A /* BackgroundForegroundScenario.swift */ = {isa = PBXFileReference; lastKnownFileType = sourcecode.swift; path = BackgroundForegroundScenario.swift; sourceTree = "<group>"; };
		CB7FD92A299BB4E300499E13 /* ManualUIViewLoadScenario.swift */ = {isa = PBXFileReference; lastKnownFileType = sourcecode.swift; path = ManualUIViewLoadScenario.swift; sourceTree = "<group>"; };
		CBAAE25429125F5F006D4AA0 /* Fixture-Bridging-Header.h */ = {isa = PBXFileReference; lastKnownFileType = sourcecode.c.h; path = "Fixture-Bridging-Header.h"; sourceTree = "<group>"; };
		CBAAE2582912601D006D4AA0 /* BatchingScenario.swift */ = {isa = PBXFileReference; lastKnownFileType = sourcecode.swift; path = BatchingScenario.swift; sourceTree = "<group>"; };
		CBC90C4129C466BD00280884 /* ForceUBSan.h */ = {isa = PBXFileReference; lastKnownFileType = sourcecode.c.h; path = ForceUBSan.h; sourceTree = "<group>"; };
		CBC90C4229C466BD00280884 /* ForceUBSan.m */ = {isa = PBXFileReference; lastKnownFileType = sourcecode.c.objc; path = ForceUBSan.m; sourceTree = "<group>"; };
		CBC90CDD29CDCFF700280884 /* FirstClassNoScenario.swift */ = {isa = PBXFileReference; lastKnownFileType = sourcecode.swift; path = FirstClassNoScenario.swift; sourceTree = "<group>"; };
		CBC90CDF29CDD02800280884 /* FirstClassYesScenario.swift */ = {isa = PBXFileReference; lastKnownFileType = sourcecode.swift; path = FirstClassYesScenario.swift; sourceTree = "<group>"; };
		CBC90CE329D1BDE400280884 /* AutoInstrumentSubViewLoadScenario.swift */ = {isa = PBXFileReference; lastKnownFileType = sourcecode.swift; path = AutoInstrumentSubViewLoadScenario.swift; sourceTree = "<group>"; };
		CBE0872A29F81BBB007455F2 /* AutoInstrumentNetworkNoParentScenario.swift */ = {isa = PBXFileReference; lastKnownFileType = sourcecode.swift; path = AutoInstrumentNetworkNoParentScenario.swift; sourceTree = "<group>"; };
		CBE43A9829A8EFA3000B4205 /* ProbabilityExpiryScenario.swift */ = {isa = PBXFileReference; lastKnownFileType = sourcecode.swift; path = ProbabilityExpiryScenario.swift; sourceTree = "<group>"; };
		CBE615F629A4C1F0000E72D8 /* ParentSpanScenario.swift */ = {isa = PBXFileReference; lastKnownFileType = sourcecode.swift; path = ParentSpanScenario.swift; sourceTree = "<group>"; };
		CBE6B66A28FD66B400D1CF78 /* ManualNetworkSpanScenario.swift */ = {isa = PBXFileReference; lastKnownFileType = sourcecode.swift; path = ManualNetworkSpanScenario.swift; sourceTree = "<group>"; };
		CBEC89222A458BA70088A3CE /* AutoInstrumentNetworkMultiple.swift */ = {isa = PBXFileReference; lastKnownFileType = sourcecode.swift; path = AutoInstrumentNetworkMultiple.swift; sourceTree = "<group>"; };
		CBEC89442A4ED0590088A3CE /* MaxPayloadSizeScenario.swift */ = {isa = PBXFileReference; lastKnownFileType = sourcecode.swift; path = MaxPayloadSizeScenario.swift; sourceTree = "<group>"; };
		CBF62108291A4F47004BEE0B /* RetryScenario.swift */ = {isa = PBXFileReference; lastKnownFileType = sourcecode.swift; path = RetryScenario.swift; sourceTree = "<group>"; };
		DA58B7D32DF8365E00CB80A4 /* PluginScenario.swift */ = {isa = PBXFileReference; lastKnownFileType = sourcecode.swift; path = PluginScenario.swift; sourceTree = "<group>"; };
		DA58B7D72DF97D7200CB80A4 /* PluginInstallErrorScenario.swift */ = {isa = PBXFileReference; lastKnownFileType = sourcecode.swift; path = PluginInstallErrorScenario.swift; sourceTree = "<group>"; };
		DA95ABF42E3A7FBA001E6B0E /* NamedSpansPluginScenario.swift */ = {isa = PBXFileReference; lastKnownFileType = sourcecode.swift; path = NamedSpansPluginScenario.swift; sourceTree = "<group>"; };
		DAC7DD6A2E3CDA590091961A /* BugsnagPerformanceNamedSpans.xcframework */ = {isa = PBXFileReference; lastKnownFileType = wrapper.xcframework; name = BugsnagPerformanceNamedSpans.xcframework; path = ../../../BugsnagPerformanceNamedSpans.xcframework; sourceTree = "<group>"; };
		DADB14F62DDF85210006F44F /* OnStartCallbackScenario.swift */ = {isa = PBXFileReference; lastKnownFileType = sourcecode.swift; path = OnStartCallbackScenario.swift; sourceTree = "<group>"; };
/* End PBXFileReference section */

/* Begin PBXFrameworksBuildPhase section */
		01FE4DA228E1AEBD00D1F239 /* Frameworks */ = {
			isa = PBXFrameworksBuildPhase;
			buildActionMask = 2147483647;
			files = (
				55A1B7CB2CBFF140009D68A7 /* BugsnagPerformance.xcframework in Frameworks */,
				55A1B7CD2CBFF140009D68A7 /* BugsnagPerformanceSwift.xcframework in Frameworks */,
				DAC7DD6C2E3CDA990091961A /* BugsnagPerformanceNamedSpans.xcframework in Frameworks */,
				01A414C82912CA18003152A4 /* Bugsnag in Frameworks */,
			);
			runOnlyForDeploymentPostprocessing = 0;
		};
/* End PBXFrameworksBuildPhase section */

/* Begin PBXGroup section */
		01FE4D9C28E1AEBD00D1F239 = {
			isa = PBXGroup;
			children = (
				09637A3A2B0607DA00F4F776 /* utils */,
				01FE4DA728E1AEBD00D1F239 /* Fixture */,
				01FE4DC128E1AF0700D1F239 /* Scenarios */,
				01FE4DBC28E1AED000D1F239 /* Packages */,
				01FE4DA628E1AEBD00D1F239 /* Products */,
				01FE4DBE28E1AEDF00D1F239 /* Frameworks */,
			);
			sourceTree = "<group>";
		};
		01FE4DA628E1AEBD00D1F239 /* Products */ = {
			isa = PBXGroup;
			children = (
				01FE4DA528E1AEBD00D1F239 /* Fixture.app */,
			);
			name = Products;
			sourceTree = "<group>";
		};
		01FE4DA728E1AEBD00D1F239 /* Fixture */ = {
			isa = PBXGroup;
			children = (
				01FE4DA828E1AEBD00D1F239 /* AppDelegate.swift */,
				01FE4DB128E1AEBF00D1F239 /* Assets.xcassets */,
				CB211D0629EEB615008F748D /* BugsnagPerformanceConfiguration+Private.h */,
				96DADF582EAFCECF00B56CE6 /* BugsnagPerformanceSpan+Internal.h */,
				09637A402B060E7C00F4F776 /* CommandReaderThread.swift */,
				098C3B4E2C53CEC0006F9886 /* ErrorGenerator.h */,
				098C3B4F2C53CEC0006F9886 /* ErrorGenerator.m */,
				01FE4DC628E1D5A400D1F239 /* Fixture.swift */,
				CBAAE25429125F5F006D4AA0 /* Fixture-Bridging-Header.h */,
				09637A442B0B883B00F4F776 /* FixtureConfig.swift */,
				01FE4DB628E1AEBF00D1F239 /* Info.plist */,
				01FE4DB328E1AEBF00D1F239 /* LaunchScreen.storyboard */,
				01FE4DAE28E1AEBD00D1F239 /* Main.storyboard */,
				09637A422B0617FE00F4F776 /* MazeRunnerCommand.swift */,
				01FE4DAA28E1AEBD00D1F239 /* SceneDelegate.swift */,
				098C3B512C53CECF006F9886 /* SwiftErrorGenerator.swift */,
				01FE4DAC28E1AEBD00D1F239 /* ViewController.swift */,
			);
			path = Fixture;
			sourceTree = "<group>";
		};
		01FE4DBC28E1AED000D1F239 /* Packages */ = {
			isa = PBXGroup;
			children = (
				01FE4DBD28E1AED000D1F239 /* bugsnag-cocoa-performance */,
			);
			name = Packages;
			sourceTree = "<group>";
		};
		01FE4DBE28E1AEDF00D1F239 /* Frameworks */ = {
			isa = PBXGroup;
			children = (
				DAC7DD6A2E3CDA590091961A /* BugsnagPerformanceNamedSpans.xcframework */,
				55A1B7C92CBFF140009D68A7 /* BugsnagPerformance.xcframework */,
				55A1B7CA2CBFF140009D68A7 /* BugsnagPerformanceSwift.xcframework */,
			);
			name = Frameworks;
			sourceTree = "<group>";
		};
		01FE4DC128E1AF0700D1F239 /* Scenarios */ = {
			isa = PBXGroup;
			children = (
				96D528CB2C72B14300FEA2E2 /* AppDataOverrideScenario.swift */,
				01D3A7DF28F0290D0063D79E /* AutoInstrumentAppStartsScenario.swift */,
				099331FB2C11F6CF009EC92F /* AutoInstrumentAVAssetScenario.swift */,
				CB2B8A9C2A0CCEF90054FBBE /* AutoInstrumentFileURLRequestScenario.swift */,
				960EECE82B2316E1009FAA11 /* AutoInstrumentGenericViewLoadScenario.swift */,
				9657A89A2A3D06EB001CEF5D /* AutoInstrumentNavigationViewLoadScenario.swift */,
				CB2B8A9E2A0E80B80054FBBE /* AutoInstrumentNetworkBadAddressScenario.swift */,
				0921F02D2A69262300C764EB /* AutoInstrumentNetworkCallbackScenario.swift */,
				CBEC89222A458BA70088A3CE /* AutoInstrumentNetworkMultiple.swift */,
				CBE0872A29F81BBB007455F2 /* AutoInstrumentNetworkNoParentScenario.swift */,
				09F025082BA08817007D9F73 /* AutoInstrumentNetworkNullURLScenario.swift */,
				091B95732CA18F66007DC8A9 /* AutoInstrumentNetworkPreStartDisabledScenario.swift */,
				091B95712CA179AC007DC8A9 /* AutoInstrumentNetworkPreStartScenario.swift */,
				96E0B34A2CD0E21C008AEB9C /* AutoInstrumentNetworkSharedSessionInvalidateScenario.swift */,
				09D59E1C2BE105F700199E1B /* AutoInstrumentNetworkTracePropagationScenario.swift */,
				CB3477172901481F0033759C /* AutoInstrumentNetworkWithParentScenario.swift */,
				097FFC0A2C33D931000E03E8 /* AutoInstrumentNullNetworkCallbackScenario.swift */,
				96284DCD2B626B6F00025070 /* AutoInstrumentPreLoadedViewLoadScenario.swift */,
				CBC90CE329D1BDE400280884 /* AutoInstrumentSubViewLoadScenario.swift */,
				096EE5EE2B3C2B3E006059CE /* AutoInstrumentSwiftUIDeferredScenario.swift */,
				0983A1782B14B20C00DDF4FF /* AutoInstrumentSwiftUIScenario.swift */,
				9657A8982A3CF75B001CEF5D /* AutoInstrumentTabViewLoadScenario.swift */,
				0185C47128F6C983006F9BDC /* AutoInstrumentViewLoadScenario.swift */,
				CB572EAC29BB829800FD7A2A /* BackgroundForegroundScenario.swift */,
				CBAAE2582912601D006D4AA0 /* BatchingScenario.swift */,
				CB0496932913CA300097E526 /* BatchingWithTimeoutScenario.swift */,
				09301DC02B63A65A000A7C12 /* ComplexViewScenario.swift */,
				09F3F5292D6C72B300BAA0A3 /* CPUMetricsScenario.swift */,
				09DC62292C6DE242000AA8E1 /* EarlySpanOnEndScenario.swift */,
				CBC90CDD29CDCFF700280884 /* FirstClassNoScenario.swift */,
				CBC90CDF29CDD02800280884 /* FirstClassYesScenario.swift */,
				96D528CD2C75DC7000FEA2E2 /* FixedSamplingProbabilityOneScenario.swift */,
				96D528CF2C77F38400FEA2E2 /* FixedSamplingProbabilityZeroScenario.swift */,
				CBC90C4129C466BD00280884 /* ForceUBSan.h */,
				CBC90C4229C466BD00280884 /* ForceUBSan.m */,
				9691A9DC2CA5E61500707CDF /* FrameMetricsAutoInstrumentRenderingOffScenario.swift */,
				966634DD2C9DE2E0004A934D /* FrameMetricsFronzenFramesScenario.swift */,
				9691A9E02CA7588700707CDF /* FrameMetricsNonFirstClassSpanInstrumentRenderingOnScenario.swift */,
				966634E12C9DE648004A934D /* FrameMetricsNoSlowFramesScenario.swift */,
				966634DF2C9DE384004A934D /* FrameMetricsSlowFramesScenario.swift */,
				9691A9DE2CA5E62800707CDF /* FrameMetricsSpanInstrumentRenderingOffScenario.swift */,
				0988B5382CAD36C500D131B1 /* InfraCheckMinimalBugsnagScenario.swift */,
				0988B5362CAD32C500D131B1 /* InfraCheckNoBugsnagScenario.swift */,
				CB0AD76D2965BBDA002A3FB6 /* InitialPScenario.swift */,
				09DA59A42A6E866B00A06EEE /* ManualNetworkCallbackScenario.swift */,
				96F5268B2C259E4E0095D600 /* ManualNetworkSpanCallbackSetToNilScenario.swift */,
				CBE6B66A28FD66B400D1CF78 /* ManualNetworkSpanScenario.swift */,
				09D59E162BDFA23600199E1B /* ManualNetworkTracePropagationScenario.swift */,
				96F901182EE836E10026F5B9 /* ManualParentBlockedSpanScenario.swift */,
				093EE63C2C32E5B900632B30 /* ManualParentSpanScenario.swift */,
				01E7918928EC7B5E00855993 /* ManualSpanBeforeStartScenario.swift */,
				96DADF532EAFCB6300B56CE6 /* ManualSpanEndOnDestroyScenario.swift */,
				01FE4DC228E1AF3700D1F239 /* ManualSpanScenario.swift */,
				CB7FD92A299BB4E300499E13 /* ManualUIViewLoadScenario.swift */,
				098808DF2B10A6E400DC1677 /* ManualViewLoadPhaseScenario.swift */,
				01E3F99028F46B6700003F44 /* ManualViewLoadScenario.swift */,
				CBEC89442A4ED0590088A3CE /* MaxPayloadSizeScenario.swift */,
				09F3F52B2D6C72BD00BAA0A3 /* MemoryMetricsScenario.swift */,
				09E9BDAE2C80907B00DC7C8E /* ModifyEarlySpansScenario.swift */,
				DA95ABF42E3A7FBA001E6B0E /* NamedSpansPluginScenario.swift */,
				09F025052BA08804007D9F73 /* ObjCURLSession.h */,
				09F025062BA08804007D9F73 /* ObjCURLSession.m */,
				098C3B2C2C523EC5006F9886 /* OnEndCallbackScenario.swift */,
				DADB14F62DDF85210006F44F /* OnStartCallbackScenario.swift */,
				CBE615F629A4C1F0000E72D8 /* ParentSpanScenario.swift */,
				DA58B7D72DF97D7200CB80A4 /* PluginInstallErrorScenario.swift */,
				DA58B7D32DF8365E00CB80A4 /* PluginScenario.swift */,
				CBE43A9829A8EFA3000B4205 /* ProbabilityExpiryScenario.swift */,
				967F6F1929C4AD300054EED8 /* ReleaseStageNotEnabledScenario.swift */,
				96F129322DCE0CDD00A6FB2B /* RenderingMetricsScenario.swift */,
				CBF62108291A4F47004BEE0B /* RetryScenario.swift */,
				01A58C1429096AF4006E4DF7 /* SamplingProbabilityZeroScenario.swift */,
				01FE4DC428E1AF9600D1F239 /* Scenario.swift */,
				09E045602C98649D003882D3 /* SetAttributeCountLimitScenario.swift */,
				094F41E52C4A84D6008162A4 /* SetAttributesScenario.swift */,
				09E0455E2C94662B003882D3 /* SetAttributesWithLimitsScenario.swift */,
				96986DA22D506B8F00A44C34 /* SpanConditionsConditionTimedOutScenario.swift */,
				96986DA12D506B8F00A44C34 /* SpanConditionsMultipleConditionsScenario.swift */,
				96986DA32D506B8F00A44C34 /* SpanConditionsSimpleConditionScenario.swift */,
				09F025142BAC50EC007D9F73 /* ViewDidLoadDoesntTriggerScenario.swift */,
			);
			path = Scenarios;
			sourceTree = "<group>";
		};
		09637A3A2B0607DA00F4F776 /* utils */ = {
			isa = PBXGroup;
			children = (
				09637A3B2B0607F300F4F776 /* Logging.swift */,
				09637A3D2B06082200F4F776 /* Logging.h */,
				09637A3E2B06082200F4F776 /* Logging.m */,
			);
			path = utils;
			sourceTree = "<group>";
		};
/* End PBXGroup section */

/* Begin PBXNativeTarget section */
		01FE4DA428E1AEBD00D1F239 /* Fixture */ = {
			isa = PBXNativeTarget;
			buildConfigurationList = 01FE4DB928E1AEBF00D1F239 /* Build configuration list for PBXNativeTarget "Fixture" */;
			buildPhases = (
				01FE4DA128E1AEBD00D1F239 /* Sources */,
				01FE4DA228E1AEBD00D1F239 /* Frameworks */,
				01FE4DA328E1AEBD00D1F239 /* Resources */,
				55A1B7CF2CBFF140009D68A7 /* Embed Frameworks */,
			);
			buildRules = (
			);
			dependencies = (
			);
			name = Fixture;
			packageProductDependencies = (
				01A414C72912CA18003152A4 /* Bugsnag */,
			);
			productName = Fixture;
			productReference = 01FE4DA528E1AEBD00D1F239 /* Fixture.app */;
			productType = "com.apple.product-type.application";
		};
/* End PBXNativeTarget section */

/* Begin PBXProject section */
		01FE4D9D28E1AEBD00D1F239 /* Project object */ = {
			isa = PBXProject;
			attributes = {
				BuildIndependentTargetsInParallel = 1;
				LastSwiftUpdateCheck = 1400;
				LastUpgradeCheck = 1400;
				TargetAttributes = {
					01FE4DA428E1AEBD00D1F239 = {
						CreatedOnToolsVersion = 14.0;
						LastSwiftMigration = 1400;
					};
				};
			};
			buildConfigurationList = 01FE4DA028E1AEBD00D1F239 /* Build configuration list for PBXProject "FixtureXcFramework" */;
			compatibilityVersion = "Xcode 13.0";
			developmentRegion = en;
			hasScannedForEncodings = 0;
			knownRegions = (
				en,
				Base,
			);
			mainGroup = 01FE4D9C28E1AEBD00D1F239;
			packageReferences = (
				01A414C62912CA18003152A4 /* XCRemoteSwiftPackageReference "bugsnag-cocoa" */,
			);
			productRefGroup = 01FE4DA628E1AEBD00D1F239 /* Products */;
			projectDirPath = "";
			projectRoot = "";
			targets = (
				01FE4DA428E1AEBD00D1F239 /* Fixture */,
			);
		};
/* End PBXProject section */

/* Begin PBXResourcesBuildPhase section */
		01FE4DA328E1AEBD00D1F239 /* Resources */ = {
			isa = PBXResourcesBuildPhase;
			buildActionMask = 2147483647;
			files = (
				01FE4DB528E1AEBF00D1F239 /* LaunchScreen.storyboard in Resources */,
				01FE4DB228E1AEBF00D1F239 /* Assets.xcassets in Resources */,
				01FE4DB028E1AEBD00D1F239 /* Main.storyboard in Resources */,
			);
			runOnlyForDeploymentPostprocessing = 0;
		};
/* End PBXResourcesBuildPhase section */

/* Begin PBXSourcesBuildPhase section */
		01FE4DA128E1AEBD00D1F239 /* Sources */ = {
			isa = PBXSourcesBuildPhase;
			buildActionMask = 2147483647;
			files = (
				CBE43A9929A8EFA3000B4205 /* ProbabilityExpiryScenario.swift in Sources */,
				96DADF542EAFCB6300B56CE6 /* ManualSpanEndOnDestroyScenario.swift in Sources */,
				CBE0872B29F81BBB007455F2 /* AutoInstrumentNetworkNoParentScenario.swift in Sources */,
				96D528CC2C72B14300FEA2E2 /* AppDataOverrideScenario.swift in Sources */,
				09E045612C98649D003882D3 /* SetAttributeCountLimitScenario.swift in Sources */,
				09637A432B0617FE00F4F776 /* MazeRunnerCommand.swift in Sources */,
				966634E22C9DE648004A934D /* FrameMetricsNoSlowFramesScenario.swift in Sources */,
				9691A9DF2CA5E62800707CDF /* FrameMetricsSpanInstrumentRenderingOffScenario.swift in Sources */,
				09F025092BA08817007D9F73 /* AutoInstrumentNetworkNullURLScenario.swift in Sources */,
				0185C47228F6C983006F9BDC /* AutoInstrumentViewLoadScenario.swift in Sources */,
				09D59E172BDFA23600199E1B /* ManualNetworkTracePropagationScenario.swift in Sources */,
				96D528D02C77F38400FEA2E2 /* FixedSamplingProbabilityZeroScenario.swift in Sources */,
				09D59E1D2BE105F700199E1B /* AutoInstrumentNetworkTracePropagationScenario.swift in Sources */,
				09F3F52A2D6C72B300BAA0A3 /* CPUMetricsScenario.swift in Sources */,
				01FE4DAD28E1AEBD00D1F239 /* ViewController.swift in Sources */,
				CBEC89232A458BA70088A3CE /* AutoInstrumentNetworkMultiple.swift in Sources */,
				093EE63D2C32E5B900632B30 /* ManualParentSpanScenario.swift in Sources */,
				01FE4DA928E1AEBD00D1F239 /* AppDelegate.swift in Sources */,
				96F129332DCE0CDD00A6FB2B /* RenderingMetricsScenario.swift in Sources */,
				096EE5EF2B3C2B3E006059CE /* AutoInstrumentSwiftUIDeferredScenario.swift in Sources */,
				CBAAE2592912601D006D4AA0 /* BatchingScenario.swift in Sources */,
				96284DCE2B626B6F00025070 /* AutoInstrumentPreLoadedViewLoadScenario.swift in Sources */,
				96986DA42D506B8F00A44C34 /* SpanConditionsMultipleConditionsScenario.swift in Sources */,
				09637A3C2B0607F300F4F776 /* Logging.swift in Sources */,
				9657A89B2A3D06EB001CEF5D /* AutoInstrumentNavigationViewLoadScenario.swift in Sources */,
				01D3A7E028F0290D0063D79E /* AutoInstrumentAppStartsScenario.swift in Sources */,
				96986DA62D506B8F00A44C34 /* SpanConditionsSimpleConditionScenario.swift in Sources */,
				09E0455F2C94662B003882D3 /* SetAttributesWithLimitsScenario.swift in Sources */,
				01E3F99128F46B6700003F44 /* ManualViewLoadScenario.swift in Sources */,
				DADB14F72DDF852B0006F44F /* OnStartCallbackScenario.swift in Sources */,
				96F5268C2C259E4E0095D600 /* ManualNetworkSpanCallbackSetToNilScenario.swift in Sources */,
				01A58C1529096AF4006E4DF7 /* SamplingProbabilityZeroScenario.swift in Sources */,
				CB0AD76E2965BBDA002A3FB6 /* InitialPScenario.swift in Sources */,
				966634DE2C9DE2E0004A934D /* FrameMetricsFronzenFramesScenario.swift in Sources */,
				09E9BDAF2C80907B00DC7C8E /* ModifyEarlySpansScenario.swift in Sources */,
				099331FC2C11F6CF009EC92F /* AutoInstrumentAVAssetScenario.swift in Sources */,
				097FFC0B2C33D931000E03E8 /* AutoInstrumentNullNetworkCallbackScenario.swift in Sources */,
				01FE4DAB28E1AEBD00D1F239 /* SceneDelegate.swift in Sources */,
				96E0B34B2CD0E21C008AEB9C /* AutoInstrumentNetworkSharedSessionInvalidateScenario.swift in Sources */,
				96986DA52D506B8F00A44C34 /* SpanConditionsConditionTimedOutScenario.swift in Sources */,
				960EECE92B2316E1009FAA11 /* AutoInstrumentGenericViewLoadScenario.swift in Sources */,
				DA58B7D82DF97D7200CB80A4 /* PluginInstallErrorScenario.swift in Sources */,
				0983A1792B14B20C00DDF4FF /* AutoInstrumentSwiftUIScenario.swift in Sources */,
				CBF62109291A4F47004BEE0B /* RetryScenario.swift in Sources */,
				CB7FD92B299BB4E300499E13 /* ManualUIViewLoadScenario.swift in Sources */,
				96F901192EE836E10026F5B9 /* ManualParentBlockedSpanScenario.swift in Sources */,
				9691A9E12CA7588700707CDF /* FrameMetricsNonFirstClassSpanInstrumentRenderingOnScenario.swift in Sources */,
				09F3F52C2D6C72BD00BAA0A3 /* MemoryMetricsScenario.swift in Sources */,
				09637A3F2B06082200F4F776 /* Logging.m in Sources */,
				CB3477182901481F0033759C /* AutoInstrumentNetworkWithParentScenario.swift in Sources */,
				091B95742CA18F66007DC8A9 /* AutoInstrumentNetworkPreStartDisabledScenario.swift in Sources */,
				CBE6B66B28FD66B400D1CF78 /* ManualNetworkSpanScenario.swift in Sources */,
				098C3B2D2C523EC5006F9886 /* OnEndCallbackScenario.swift in Sources */,
				098808E02B10A6E400DC1677 /* ManualViewLoadPhaseScenario.swift in Sources */,
				01FE4DC528E1AF9600D1F239 /* Scenario.swift in Sources */,
				09DA59A52A6E866B00A06EEE /* ManualNetworkCallbackScenario.swift in Sources */,
				09301DC12B63A65A000A7C12 /* ComplexViewScenario.swift in Sources */,
				96D528CE2C75DC7000FEA2E2 /* FixedSamplingProbabilityOneScenario.swift in Sources */,
				CB0496942913CA300097E526 /* BatchingWithTimeoutScenario.swift in Sources */,
				967F6F1A29C4AD300054EED8 /* ReleaseStageNotEnabledScenario.swift in Sources */,
				9657A8992A3CF75B001CEF5D /* AutoInstrumentTabViewLoadScenario.swift in Sources */,
				CBEC89452A4ED0590088A3CE /* MaxPayloadSizeScenario.swift in Sources */,
				CB572EAD29BB829800FD7A2A /* BackgroundForegroundScenario.swift in Sources */,
				966634E02C9DE384004A934D /* FrameMetricsSlowFramesScenario.swift in Sources */,
				CB2B8A9F2A0E80B80054FBBE /* AutoInstrumentNetworkBadAddressScenario.swift in Sources */,
				09F025152BAC50EC007D9F73 /* ViewDidLoadDoesntTriggerScenario.swift in Sources */,
				0988B5372CAD32C500D131B1 /* InfraCheckNoBugsnagScenario.swift in Sources */,
				CB2B8A9D2A0CCEF90054FBBE /* AutoInstrumentFileURLRequestScenario.swift in Sources */,
				091B95722CA179AC007DC8A9 /* AutoInstrumentNetworkPreStartScenario.swift in Sources */,
				098C3B522C53CECF006F9886 /* SwiftErrorGenerator.swift in Sources */,
				DA58B7D42DF8365E00CB80A4 /* PluginScenario.swift in Sources */,
				01FE4DC328E1AF3700D1F239 /* ManualSpanScenario.swift in Sources */,
				01FE4DC728E1D5A400D1F239 /* Fixture.swift in Sources */,
				094F41E62C4A84D6008162A4 /* SetAttributesScenario.swift in Sources */,
				09637A412B060E7C00F4F776 /* CommandReaderThread.swift in Sources */,
				CBC90CE029CDD02800280884 /* FirstClassYesScenario.swift in Sources */,
				09F025072BA08804007D9F73 /* ObjCURLSession.m in Sources */,
				DA95ABF52E3A7FBA001E6B0E /* NamedSpansPluginScenario.swift in Sources */,
				0988B5392CAD36C500D131B1 /* InfraCheckMinimalBugsnagScenario.swift in Sources */,
				CBC90CDE29CDCFF700280884 /* FirstClassNoScenario.swift in Sources */,
				CBC90C4329C466BD00280884 /* ForceUBSan.m in Sources */,
				9691A9DD2CA5E61500707CDF /* FrameMetricsAutoInstrumentRenderingOffScenario.swift in Sources */,
				09637A452B0B883B00F4F776 /* FixtureConfig.swift in Sources */,
				CBC90CE429D1BDE400280884 /* AutoInstrumentSubViewLoadScenario.swift in Sources */,
				098C3B502C53CEC0006F9886 /* ErrorGenerator.m in Sources */,
				0921F02E2A69262300C764EB /* AutoInstrumentNetworkCallbackScenario.swift in Sources */,
				01E7918A28EC7B5E00855993 /* ManualSpanBeforeStartScenario.swift in Sources */,
				09DC622A2C6DE242000AA8E1 /* EarlySpanOnEndScenario.swift in Sources */,
				CBE615F729A4C1F0000E72D8 /* ParentSpanScenario.swift in Sources */,
			);
			runOnlyForDeploymentPostprocessing = 0;
		};
/* End PBXSourcesBuildPhase section */

/* Begin PBXVariantGroup section */
		01FE4DAE28E1AEBD00D1F239 /* Main.storyboard */ = {
			isa = PBXVariantGroup;
			children = (
				01FE4DAF28E1AEBD00D1F239 /* Base */,
			);
			name = Main.storyboard;
			sourceTree = "<group>";
		};
		01FE4DB328E1AEBF00D1F239 /* LaunchScreen.storyboard */ = {
			isa = PBXVariantGroup;
			children = (
				01FE4DB428E1AEBF00D1F239 /* Base */,
			);
			name = LaunchScreen.storyboard;
			sourceTree = "<group>";
		};
/* End PBXVariantGroup section */

/* Begin XCBuildConfiguration section */
		01FE4DB728E1AEBF00D1F239 /* Debug */ = {
			isa = XCBuildConfiguration;
			buildSettings = {
				ALWAYS_SEARCH_USER_PATHS = NO;
				CLANG_ANALYZER_NONNULL = YES;
				CLANG_ANALYZER_NUMBER_OBJECT_CONVERSION = YES_AGGRESSIVE;
				CLANG_CXX_LANGUAGE_STANDARD = "gnu++20";
				CLANG_ENABLE_MODULES = YES;
				CLANG_ENABLE_OBJC_ARC = YES;
				CLANG_ENABLE_OBJC_WEAK = YES;
				CLANG_WARN_BLOCK_CAPTURE_AUTORELEASING = YES;
				CLANG_WARN_BOOL_CONVERSION = YES;
				CLANG_WARN_COMMA = YES;
				CLANG_WARN_CONSTANT_CONVERSION = YES;
				CLANG_WARN_DEPRECATED_OBJC_IMPLEMENTATIONS = YES;
				CLANG_WARN_DIRECT_OBJC_ISA_USAGE = YES_ERROR;
				CLANG_WARN_DOCUMENTATION_COMMENTS = YES;
				CLANG_WARN_EMPTY_BODY = YES;
				CLANG_WARN_ENUM_CONVERSION = YES;
				CLANG_WARN_INFINITE_RECURSION = YES;
				CLANG_WARN_INT_CONVERSION = YES;
				CLANG_WARN_NON_LITERAL_NULL_CONVERSION = YES;
				CLANG_WARN_OBJC_IMPLICIT_RETAIN_SELF = YES;
				CLANG_WARN_OBJC_LITERAL_CONVERSION = YES;
				CLANG_WARN_OBJC_ROOT_CLASS = YES_ERROR;
				CLANG_WARN_QUOTED_INCLUDE_IN_FRAMEWORK_HEADER = YES;
				CLANG_WARN_RANGE_LOOP_ANALYSIS = YES;
				CLANG_WARN_STRICT_PROTOTYPES = YES;
				CLANG_WARN_SUSPICIOUS_MOVE = YES;
				CLANG_WARN_UNGUARDED_AVAILABILITY = YES_AGGRESSIVE;
				CLANG_WARN_UNREACHABLE_CODE = YES;
				CLANG_WARN__DUPLICATE_METHOD_MATCH = YES;
				COPY_PHASE_STRIP = NO;
				DEBUG_INFORMATION_FORMAT = dwarf;
				ENABLE_STRICT_OBJC_MSGSEND = YES;
				ENABLE_TESTABILITY = YES;
				GCC_C_LANGUAGE_STANDARD = gnu11;
				GCC_DYNAMIC_NO_PIC = NO;
				GCC_NO_COMMON_BLOCKS = YES;
				GCC_OPTIMIZATION_LEVEL = 0;
				GCC_PREPROCESSOR_DEFINITIONS = (
					"DEBUG=1",
					"$(inherited)",
				);
				GCC_WARN_64_TO_32_BIT_CONVERSION = YES;
				GCC_WARN_ABOUT_RETURN_TYPE = YES_ERROR;
				GCC_WARN_UNDECLARED_SELECTOR = YES;
				GCC_WARN_UNINITIALIZED_AUTOS = YES_AGGRESSIVE;
				GCC_WARN_UNUSED_FUNCTION = YES;
				GCC_WARN_UNUSED_VARIABLE = YES;
				IPHONEOS_DEPLOYMENT_TARGET = 16.0;
				MTL_ENABLE_DEBUG_INFO = INCLUDE_SOURCE;
				MTL_FAST_MATH = YES;
				ONLY_ACTIVE_ARCH = YES;
				SDKROOT = iphoneos;
				SWIFT_ACTIVE_COMPILATION_CONDITIONS = DEBUG;
				SWIFT_OPTIMIZATION_LEVEL = "-Onone";
			};
			name = Debug;
		};
		01FE4DB828E1AEBF00D1F239 /* Release */ = {
			isa = XCBuildConfiguration;
			buildSettings = {
				ALWAYS_SEARCH_USER_PATHS = NO;
				CLANG_ANALYZER_NONNULL = YES;
				CLANG_ANALYZER_NUMBER_OBJECT_CONVERSION = YES_AGGRESSIVE;
				CLANG_CXX_LANGUAGE_STANDARD = "gnu++20";
				CLANG_ENABLE_MODULES = YES;
				CLANG_ENABLE_OBJC_ARC = YES;
				CLANG_ENABLE_OBJC_WEAK = YES;
				CLANG_WARN_BLOCK_CAPTURE_AUTORELEASING = YES;
				CLANG_WARN_BOOL_CONVERSION = YES;
				CLANG_WARN_COMMA = YES;
				CLANG_WARN_CONSTANT_CONVERSION = YES;
				CLANG_WARN_DEPRECATED_OBJC_IMPLEMENTATIONS = YES;
				CLANG_WARN_DIRECT_OBJC_ISA_USAGE = YES_ERROR;
				CLANG_WARN_DOCUMENTATION_COMMENTS = YES;
				CLANG_WARN_EMPTY_BODY = YES;
				CLANG_WARN_ENUM_CONVERSION = YES;
				CLANG_WARN_INFINITE_RECURSION = YES;
				CLANG_WARN_INT_CONVERSION = YES;
				CLANG_WARN_NON_LITERAL_NULL_CONVERSION = YES;
				CLANG_WARN_OBJC_IMPLICIT_RETAIN_SELF = YES;
				CLANG_WARN_OBJC_LITERAL_CONVERSION = YES;
				CLANG_WARN_OBJC_ROOT_CLASS = YES_ERROR;
				CLANG_WARN_QUOTED_INCLUDE_IN_FRAMEWORK_HEADER = YES;
				CLANG_WARN_RANGE_LOOP_ANALYSIS = YES;
				CLANG_WARN_STRICT_PROTOTYPES = YES;
				CLANG_WARN_SUSPICIOUS_MOVE = YES;
				CLANG_WARN_UNGUARDED_AVAILABILITY = YES_AGGRESSIVE;
				CLANG_WARN_UNREACHABLE_CODE = YES;
				CLANG_WARN__DUPLICATE_METHOD_MATCH = YES;
				COPY_PHASE_STRIP = NO;
				DEBUG_INFORMATION_FORMAT = "dwarf-with-dsym";
				ENABLE_NS_ASSERTIONS = NO;
				ENABLE_STRICT_OBJC_MSGSEND = YES;
				GCC_C_LANGUAGE_STANDARD = gnu11;
				GCC_NO_COMMON_BLOCKS = YES;
				GCC_WARN_64_TO_32_BIT_CONVERSION = YES;
				GCC_WARN_ABOUT_RETURN_TYPE = YES_ERROR;
				GCC_WARN_UNDECLARED_SELECTOR = YES;
				GCC_WARN_UNINITIALIZED_AUTOS = YES_AGGRESSIVE;
				GCC_WARN_UNUSED_FUNCTION = YES;
				GCC_WARN_UNUSED_VARIABLE = YES;
				IPHONEOS_DEPLOYMENT_TARGET = 16.0;
				MTL_ENABLE_DEBUG_INFO = NO;
				MTL_FAST_MATH = YES;
				SDKROOT = iphoneos;
				SWIFT_COMPILATION_MODE = wholemodule;
				SWIFT_OPTIMIZATION_LEVEL = "-O";
				VALIDATE_PRODUCT = YES;
			};
			name = Release;
		};
		01FE4DBA28E1AEBF00D1F239 /* Debug */ = {
			isa = XCBuildConfiguration;
			buildSettings = {
				ASSETCATALOG_COMPILER_APPICON_NAME = AppIcon;
				ASSETCATALOG_COMPILER_GLOBAL_ACCENT_COLOR_NAME = AccentColor;
				CLANG_ENABLE_MODULES = YES;
				CODE_SIGN_STYLE = Automatic;
				CURRENT_PROJECT_VERSION = 1;
				DEVELOPMENT_TEAM = 7W9PZ27Y5F;
				GENERATE_INFOPLIST_FILE = YES;
				INFOPLIST_FILE = Fixture/Info.plist;
				INFOPLIST_KEY_UIApplicationSupportsIndirectInputEvents = YES;
				INFOPLIST_KEY_UILaunchStoryboardName = LaunchScreen;
				INFOPLIST_KEY_UIMainStoryboardFile = Main;
				INFOPLIST_KEY_UISupportedInterfaceOrientations_iPad = "UIInterfaceOrientationPortrait UIInterfaceOrientationPortraitUpsideDown UIInterfaceOrientationLandscapeLeft UIInterfaceOrientationLandscapeRight";
				INFOPLIST_KEY_UISupportedInterfaceOrientations_iPhone = "UIInterfaceOrientationPortrait UIInterfaceOrientationLandscapeLeft UIInterfaceOrientationLandscapeRight";
				IPHONEOS_DEPLOYMENT_TARGET = 13.0;
				LD_RUNPATH_SEARCH_PATHS = (
					"$(inherited)",
					"@executable_path/Frameworks",
				);
				MARKETING_VERSION = 1.0;
				PRODUCT_BUNDLE_IDENTIFIER = com.bugsnag.fixtures.cocoaperformance;
				PRODUCT_NAME = "$(TARGET_NAME)";
				SWIFT_EMIT_LOC_STRINGS = YES;
				SWIFT_OBJC_BRIDGING_HEADER = "Fixture/Fixture-Bridging-Header.h";
				SWIFT_OPTIMIZATION_LEVEL = "-Onone";
				SWIFT_VERSION = 5.0;
				TARGETED_DEVICE_FAMILY = "1,2";
			};
			name = Debug;
		};
		01FE4DBB28E1AEBF00D1F239 /* Release */ = {
			isa = XCBuildConfiguration;
			buildSettings = {
				ASSETCATALOG_COMPILER_APPICON_NAME = AppIcon;
				ASSETCATALOG_COMPILER_GLOBAL_ACCENT_COLOR_NAME = AccentColor;
				CLANG_ENABLE_MODULES = YES;
				CODE_SIGN_STYLE = Automatic;
				CURRENT_PROJECT_VERSION = 1;
				DEVELOPMENT_TEAM = 7W9PZ27Y5F;
				GENERATE_INFOPLIST_FILE = YES;
				INFOPLIST_FILE = Fixture/Info.plist;
				INFOPLIST_KEY_UIApplicationSupportsIndirectInputEvents = YES;
				INFOPLIST_KEY_UILaunchStoryboardName = LaunchScreen;
				INFOPLIST_KEY_UIMainStoryboardFile = Main;
				INFOPLIST_KEY_UISupportedInterfaceOrientations_iPad = "UIInterfaceOrientationPortrait UIInterfaceOrientationPortraitUpsideDown UIInterfaceOrientationLandscapeLeft UIInterfaceOrientationLandscapeRight";
				INFOPLIST_KEY_UISupportedInterfaceOrientations_iPhone = "UIInterfaceOrientationPortrait UIInterfaceOrientationLandscapeLeft UIInterfaceOrientationLandscapeRight";
				IPHONEOS_DEPLOYMENT_TARGET = 13.0;
				LD_RUNPATH_SEARCH_PATHS = (
					"$(inherited)",
					"@executable_path/Frameworks",
				);
				MARKETING_VERSION = 1.0;
				PRODUCT_BUNDLE_IDENTIFIER = com.bugsnag.fixtures.cocoaperformance;
				PRODUCT_NAME = "$(TARGET_NAME)";
				SWIFT_EMIT_LOC_STRINGS = YES;
				SWIFT_OBJC_BRIDGING_HEADER = "Fixture/Fixture-Bridging-Header.h";
				SWIFT_VERSION = 5.0;
				TARGETED_DEVICE_FAMILY = "1,2";
			};
			name = Release;
		};
/* End XCBuildConfiguration section */

/* Begin XCConfigurationList section */
		01FE4DA028E1AEBD00D1F239 /* Build configuration list for PBXProject "FixtureXcFramework" */ = {
			isa = XCConfigurationList;
			buildConfigurations = (
				01FE4DB728E1AEBF00D1F239 /* Debug */,
				01FE4DB828E1AEBF00D1F239 /* Release */,
			);
			defaultConfigurationIsVisible = 0;
			defaultConfigurationName = Release;
		};
		01FE4DB928E1AEBF00D1F239 /* Build configuration list for PBXNativeTarget "Fixture" */ = {
			isa = XCConfigurationList;
			buildConfigurations = (
				01FE4DBA28E1AEBF00D1F239 /* Debug */,
				01FE4DBB28E1AEBF00D1F239 /* Release */,
			);
			defaultConfigurationIsVisible = 0;
			defaultConfigurationName = Release;
		};
/* End XCConfigurationList section */

/* Begin XCRemoteSwiftPackageReference section */
		01A414C62912CA18003152A4 /* XCRemoteSwiftPackageReference "bugsnag-cocoa" */ = {
			isa = XCRemoteSwiftPackageReference;
			repositoryURL = "https://github.com/bugsnag/bugsnag-cocoa";
			requirement = {
				branch = master;
				kind = branch;
			};
		};
/* End XCRemoteSwiftPackageReference section */

/* Begin XCSwiftPackageProductDependency section */
		01A414C72912CA18003152A4 /* Bugsnag */ = {
			isa = XCSwiftPackageProductDependency;
			package = 01A414C62912CA18003152A4 /* XCRemoteSwiftPackageReference "bugsnag-cocoa" */;
			productName = Bugsnag;
		};
/* End XCSwiftPackageProductDependency section */
	};
	rootObject = 01FE4D9D28E1AEBD00D1F239 /* Project object */;
}
